// !$*UTF8*$!
{
	archiveVersion = 1;
	classes = {
	};
	objectVersion = 46;
	objects = {
/* Begin PBXBuildFile section */
		0207DA581B56EA530066E2B4 /* Images.xcassets in Resources */ = {isa = PBXBuildFile; fileRef = 0207DA571B56EA530066E2B4 /* Images.xcassets */; };
		1D3623260D0F684500981E51 /* AppDelegate.m in Sources */ = {isa = PBXBuildFile; fileRef = 1D3623250D0F684500981E51 /* AppDelegate.m */; };
		1D60589B0D05DD56006BFB54 /* main.m in Sources */ = {isa = PBXBuildFile; fileRef = 29B97316FDCFA39411CA2CEA /* main.m */; };
		301BF552109A68D80062928A /* libCordova.a in Frameworks */ = {isa = PBXBuildFile; fileRef = 301BF535109A57CC0062928A /* libCordova.a */; };
		302D95F114D2391D003F00A1 /* MainViewController.m in Sources */ = {isa = PBXBuildFile; fileRef = 302D95EF14D2391D003F00A1 /* MainViewController.m */; };
		302D95F214D2391D003F00A1 /* MainViewController.xib in Resources */ = {isa = PBXBuildFile; fileRef = 302D95F014D2391D003F00A1 /* MainViewController.xib */; };
		3047A5121AB8059700498E2A /* build-debug.xcconfig in Resources */ = {isa = PBXBuildFile; fileRef = 3047A50F1AB8059700498E2A /* build-debug.xcconfig */; };
		3047A5131AB8059700498E2A /* build-release.xcconfig in Resources */ = {isa = PBXBuildFile; fileRef = 3047A5101AB8059700498E2A /* build-release.xcconfig */; };
		3047A5141AB8059700498E2A /* build.xcconfig in Resources */ = {isa = PBXBuildFile; fileRef = 3047A5111AB8059700498E2A /* build.xcconfig */; };
		85EF14384C0E45A6AC8922CE /* AppDelegate+notification.m in Sources */ = {isa = PBXBuildFile; fileRef = F57FD08FAED74966A681E8FC /* AppDelegate+notification.m */; };
		03C5334716BC4C97A11CAD69 /* PushPlugin.m in Sources */ = {isa = PBXBuildFile; fileRef = 9F86A51A5B1B4D969225A347 /* PushPlugin.m */; };
		B637ADCC8CA34581857B7E70 /* abduction.mp3 in Resources */ = {isa = PBXBuildFile; fileRef = CF757E006E9C4526BB73A8BD /* abduction.mp3 */; };
		11D06C4FEEB048DF8A134FAF /* ache.mp3 in Resources */ = {isa = PBXBuildFile; fileRef = 031BDC0ED99B4B9CA0944460 /* ache.mp3 */; };
		D2AD46A3F08148E39F4B2C37 /* a-ha-moment.mp3 in Resources */ = {isa = PBXBuildFile; fileRef = 3418B91926614CA8A3DA9041 /* a-ha-moment.mp3 */; };
		59D30BC6181049968CAF3E41 /* all-of-a-sudden.mp3 in Resources */ = {isa = PBXBuildFile; fileRef = 8D09B5534A4D4D9E93770402 /* all-of-a-sudden.mp3 */; };
		ACB746BCAEFF4393BDAD3914 /* are-you-kidding.mp3 in Resources */ = {isa = PBXBuildFile; fileRef = 4C9569D5485645A794EC6E8E /* are-you-kidding.mp3 */; };
		0BE84779B1774A75877F9895 /* argh-my-eyes.mp3 in Resources */ = {isa = PBXBuildFile; fileRef = 81BC21B02D0C415C843741B0 /* argh-my-eyes.mp3 */; };
		34BC7DFB467A48F4B7138644 /* a-taste-of-the-whip.mp3 in Resources */ = {isa = PBXBuildFile; fileRef = 35A2477EA5BA4711ACD6A4AC /* a-taste-of-the-whip.mp3 */; };
		F789BB9CBC3745D39ABD3C29 /* attracted.mp3 in Resources */ = {isa = PBXBuildFile; fileRef = A3270C4487894579B8C8CB1C /* attracted.mp3 */; };
		1F03F9F13D1F4E01A7F83A67 /* awareness.mp3 in Resources */ = {isa = PBXBuildFile; fileRef = 3AFA42CBE0284FBCA9110BAD /* awareness.mp3 */; };
		656EE2E29B164E8C8C6B7693 /* base.mp3 in Resources */ = {isa = PBXBuildFile; fileRef = 155F223FFDA34CEFA6C843D6 /* base.mp3 */; };
		4CFFAB94E47D49779F154C0C /* blocker.mp3 in Resources */ = {isa = PBXBuildFile; fileRef = 9A5273A552C84656AFDE8800 /* blocker.mp3 */; };
		3DC39D1FBD744B7A9522ACD0 /* braking.mp3 in Resources */ = {isa = PBXBuildFile; fileRef = AF4FB50AAB0147C19292A442 /* braking.mp3 */; };
		5C55902E232E4B588DCEC8B3 /* cable-unplugged.mp3 in Resources */ = {isa = PBXBuildFile; fileRef = 53B7C6AA9C7B43B29965881E /* cable-unplugged.mp3 */; };
		A29D23D6308C4C118B0D3378 /* cause-and-effect.mp3 in Resources */ = {isa = PBXBuildFile; fileRef = 8C64579CB3814C52A0BEB667 /* cause-and-effect.mp3 */; };
		7DCB9D9F51BA4D309F5162A8 /* chafing.mp3 in Resources */ = {isa = PBXBuildFile; fileRef = B708CEF4072F436C883AB393 /* chafing.mp3 */; };
		677180320ED84BF781C2E6C5 /* closed.mp3 in Resources */ = {isa = PBXBuildFile; fileRef = 0427CF666E274353A618EE1B /* closed.mp3 */; };
		8F37A04A6BC44ED8AB221957 /* code.mp3 in Resources */ = {isa = PBXBuildFile; fileRef = D250BAFBFC5A4DEAB01BDF6D /* code.mp3 */; };
		F4B24458951E49F2BDAB964E /* coins.mp3 in Resources */ = {isa = PBXBuildFile; fileRef = C5138799F0C14F06B9FE11CA /* coins.mp3 */; };
		57EAC902CBE743519646B07C /* come-to-daddy.mp3 in Resources */ = {isa = PBXBuildFile; fileRef = C6DBBD2F42E54D22A48CB2F8 /* come-to-daddy.mp3 */; };
		D9776CF270334AE8A9C044FA /* communication-channel.mp3 in Resources */ = {isa = PBXBuildFile; fileRef = ADA435E4701346A3A7D599BD /* communication-channel.mp3 */; };
		F36EC946F7424DDD844F17AC /* credulous.mp3 in Resources */ = {isa = PBXBuildFile; fileRef = FA021786135642F0B2611D82 /* credulous.mp3 */; };
		9C827ADECFD14D4FA14FCB9B /* croak.mp3 in Resources */ = {isa = PBXBuildFile; fileRef = 6677CB72C05B49DCA41E9598 /* croak.mp3 */; };
		59CEF19528E44D8E92CD1A1F /* cyberincident.mp3 in Resources */ = {isa = PBXBuildFile; fileRef = CB76740B61024ED08AAD0670 /* cyberincident.mp3 */; };
		FE634E0E85F141A295DCBED7 /* decay.mp3 in Resources */ = {isa = PBXBuildFile; fileRef = C2848C70B1B04A428718BB78 /* decay.mp3 */; };
		B0267509A7634B64A3A92088 /* does-not-behave.mp3 in Resources */ = {isa = PBXBuildFile; fileRef = B2C98B7C793A47BBB2B5A705 /* does-not-behave.mp3 */; };
		AB5EC6F98C8845BD8DBD5EE0 /* dropped-spinner.mp3 in Resources */ = {isa = PBXBuildFile; fileRef = 39050B1936A94995B55341A2 /* dropped-spinner.mp3 */; };
		5A4551AC54BA4E8FACD1140E /* electronic.mp3 in Resources */ = {isa = PBXBuildFile; fileRef = 3B7D7BCBE56F4B1EA6DEC949 /* electronic.mp3 */; };
		39C247DC417E4977A9B11089 /* end-point-reached.mp3 in Resources */ = {isa = PBXBuildFile; fileRef = 7527E83A4F7140C784C508FD /* end-point-reached.mp3 */; };
		1A53D47B247C4A4FAF9D0A54 /* error-3.mp3 in Resources */ = {isa = PBXBuildFile; fileRef = BB433A07AFD345F1ABA3D74E /* error-3.mp3 */; };
		31FE71F2A31D4661BC3F3033 /* et-voila.mp3 in Resources */ = {isa = PBXBuildFile; fileRef = CCC594DF4A904A18BF2D5D3E /* et-voila.mp3 */; };
		667123AB5C9348AC9426E723 /* fallbackring.ogg in Resources */ = {isa = PBXBuildFile; fileRef = 7B9EB2CF5BC341A99C3BE991 /* fallbackring.ogg */; };
		73250B06A1704B6896D32CC3 /* fallin.mp3 in Resources */ = {isa = PBXBuildFile; fileRef = 4A33B2AFB680429992268B72 /* fallin.mp3 */; };
		12ED783B695B428BA9E47285 /* fast-turnaround.mp3 in Resources */ = {isa = PBXBuildFile; fileRef = 2774964BA0C241CC884CEB38 /* fast-turnaround.mp3 */; };
		6B3995BC963C47849680A205 /* finger-push.mp3 in Resources */ = {isa = PBXBuildFile; fileRef = D53D55E5E4C54D47BCECEB38 /* finger-push.mp3 */; };
		85DCBED05125495483FE6BA2 /* genuinely-interested.mp3 in Resources */ = {isa = PBXBuildFile; fileRef = 18D73E1CB13D4FC19EA75B08 /* genuinely-interested.mp3 */; };
		72770B1545D54D5FB8DA5507 /* gets-in-the-way.mp3 in Resources */ = {isa = PBXBuildFile; fileRef = F572FBCFE001411D8E3B2545 /* gets-in-the-way.mp3 */; };
		27FD0CF551F440DDAEE02659 /* good-morning.mp3 in Resources */ = {isa = PBXBuildFile; fileRef = 372443B9A0084FDC8B488095 /* good-morning.mp3 */; };
		83D97F8C04AC41FD84DFE52F /* gummy-sweep.mp3 in Resources */ = {isa = PBXBuildFile; fileRef = 50822F20230A4C4CB1BB11B0 /* gummy-sweep.mp3 */; };
		5E288D0331284E6FBA73A780 /* happy-ending.mp3 in Resources */ = {isa = PBXBuildFile; fileRef = 2FEDA4D66AC546ABB09B1563 /* happy-ending.mp3 */; };
		670C987173A1474FB4698898 /* hey-im-here-too.mp3 in Resources */ = {isa = PBXBuildFile; fileRef = 635B00168FB54BFCACA52BD7 /* hey-im-here-too.mp3 */; };
		355B89ADCD1C436DAF527B11 /* hiccup.mp3 in Resources */ = {isa = PBXBuildFile; fileRef = 269EFFC38A0442F59C132EF8 /* hiccup.mp3 */; };
		C8D2D4785FAF4DE297493319 /* inquisitiveness.mp3 in Resources */ = {isa = PBXBuildFile; fileRef = AE3E36E8FC8B4C21B6F440BC /* inquisitiveness.mp3 */; };
		3F0F53C8814F40F99D40E269 /* in-your-plate.mp3 in Resources */ = {isa = PBXBuildFile; fileRef = 69D0744A0D7C4696AD45AC0C /* in-your-plate.mp3 */; };
		3270E524E5C149E28496F799 /* i-saw-you.mp3 in Resources */ = {isa = PBXBuildFile; fileRef = CE02678B69BF495682CA8DF2 /* i-saw-you.mp3 */; };
		8812C371C26C49A6B9721C97 /* job-done.mp3 in Resources */ = {isa = PBXBuildFile; fileRef = 5C3C9A8A1B5649C2A71975F5 /* job-done.mp3 */; };
		BCB44A888BFA46F3ADA29409 /* jubilation.mp3 in Resources */ = {isa = PBXBuildFile; fileRef = 7C9DE1B4A4A143A8A2A826D5 /* jubilation.mp3 */; };
		2AC7E94E068D46A692B042C8 /* just-like-magic.mp3 in Resources */ = {isa = PBXBuildFile; fileRef = F93BD25804504DA5952A93CE /* just-like-magic.mp3 */; };
		2F9D3FCFA99847788423E0AB /* just-like-that.mp3 in Resources */ = {isa = PBXBuildFile; fileRef = D7E3F6AC6A864771A8D1AB18 /* just-like-that.mp3 */; };
		E6055E4AB3914AD18D240E6E /* knob.mp3 in Resources */ = {isa = PBXBuildFile; fileRef = 2EE524E936AF4C15BD343C71 /* knob.mp3 */; };
		A84ADE26627D45ECA5960438 /* long-chime-sound.mp3 in Resources */ = {isa = PBXBuildFile; fileRef = 7202B297A32F438A8B95A8AB /* long-chime-sound.mp3 */; };
		8514FCD039824BB89A679947 /* machine-poo.mp3 in Resources */ = {isa = PBXBuildFile; fileRef = 0900527B0D50446EAF0516CF /* machine-poo.mp3 */; };
		D74D7ECF53A24912AF28A228 /* may-i-have-your-attention.mp3 in Resources */ = {isa = PBXBuildFile; fileRef = D990B697C3B246E89D713C54 /* may-i-have-your-attention.mp3 */; };
		0F7D62E120C74A0CAA91BE62 /* me.mp3 in Resources */ = {isa = PBXBuildFile; fileRef = EB8C3A4F12C140009D766C6E /* me.mp3 */; };
		9A896466BE0641A6AE863603 /* munchausen.mp3 in Resources */ = {isa = PBXBuildFile; fileRef = 69310BF3238342B7B9836A98 /* munchausen.mp3 */; };
		DD65440F36B740168223A89B /* net.mp3 in Resources */ = {isa = PBXBuildFile; fileRef = 7524F7E691364E36900DD91E /* net.mp3 */; };
		4423AA4890C24BD4A1FC1A2E /* no-trespassing.mp3 in Resources */ = {isa = PBXBuildFile; fileRef = 78FCB024A217424A886A5BA4 /* no-trespassing.mp3 */; };
		527E5643E953452786AA82B3 /* no-way.mp3 in Resources */ = {isa = PBXBuildFile; fileRef = 96497DA042CD4E448961B310 /* no-way.mp3 */; };
		A3A136F94B8842CDA195CEAF /* oh-really.mp3 in Resources */ = {isa = PBXBuildFile; fileRef = A38CE19220784DB7A121F3B7 /* oh-really.mp3 */; };
		976793D08DF84358A1B257EE /* on-serious-matters.mp3 in Resources */ = {isa = PBXBuildFile; fileRef = 730AFB29BA9A4749A96D97C9 /* on-serious-matters.mp3 */; };
		9F40A2B8A3D44FC5A3F2BA2A /* oringz-pack-nine-15.mp3 in Resources */ = {isa = PBXBuildFile; fileRef = 64BAD42BD65846339F9F3147 /* oringz-pack-nine-15.mp3 */; };
		47274627FCA140F3BBBBB9C3 /* pedantic.mp3 in Resources */ = {isa = PBXBuildFile; fileRef = 018C16DA4DCA4B5CBDB5DE97 /* pedantic.mp3 */; };
		2FECD97E6811441394BE6011 /* pizzicato.mp3 in Resources */ = {isa = PBXBuildFile; fileRef = 7BC6DF426BCD4106834EC269 /* pizzicato.mp3 */; };
		D3055E2C408A48EBB852E13F /* pluck.mp3 in Resources */ = {isa = PBXBuildFile; fileRef = 80048706FCD14B469E72BCF8 /* pluck.mp3 */; };
		D61CC2B96B7742A49EF774D5 /* professionals.mp3 in Resources */ = {isa = PBXBuildFile; fileRef = 69FAE7F84E19461EA687149A /* professionals.mp3 */; };
		8297ADE811F2441097F00E6A /* pull-back.mp3 in Resources */ = {isa = PBXBuildFile; fileRef = CB38AB312EC948D2818C50BA /* pull-back.mp3 */; };
		01AD37D14ED44F8588786DC6 /* put-down.mp3 in Resources */ = {isa = PBXBuildFile; fileRef = E62CF08FFD4A4A4CAB6C019E /* put-down.mp3 */; };
		C9F89C8D874D4E2F8927ADFB /* question-raised.mp3 in Resources */ = {isa = PBXBuildFile; fileRef = DF6FC6944F714B8A990204A6 /* question-raised.mp3 */; };
		C355CED467CA413E846B474B /* scissors.mp3 in Resources */ = {isa = PBXBuildFile; fileRef = C0C66B9C8CFA494ABF09FE92 /* scissors.mp3 */; };
		3E12305499D14DA78B022E92 /* see-im-smart.mp3 in Resources */ = {isa = PBXBuildFile; fileRef = D6FCC7F7D5CF413B976A1407 /* see-im-smart.mp3 */; };
		78BC58D2C31144079C9F4466 /* served.mp3 in Resources */ = {isa = PBXBuildFile; fileRef = 5BBAEAD7E3F34D5796FE79BB /* served.mp3 */; };
		54F77A3DDAD241F5918B2A0E /* shut-your-mouth.mp3 in Resources */ = {isa = PBXBuildFile; fileRef = A9D1D33FC9A64EDF8B163287 /* shut-your-mouth.mp3 */; };
		9649A985F64D41F2842E3AA2 /* slap.mp3 in Resources */ = {isa = PBXBuildFile; fileRef = 4FC55588551D4F36906FC2EE /* slap.mp3 */; };
		C69212028DA045ECBA6CBCDB /* solemn.mp3 in Resources */ = {isa = PBXBuildFile; fileRef = 1DE58968D4F54BD9B180561B /* solemn.mp3 */; };
		B848B88FBB9648CCBE8A4C9A /* strongly-attached.mp3 in Resources */ = {isa = PBXBuildFile; fileRef = DBD82F2147F048609ED2C702 /* strongly-attached.mp3 */; };
		39954143746F435093769DF2 /* surprise-on-a-spring.mp3 in Resources */ = {isa = PBXBuildFile; fileRef = D001ED425DFE426CABD3126E /* surprise-on-a-spring.mp3 */; };
		AD95967B1FC94D2FB10ABACD /* swift.mp3 in Resources */ = {isa = PBXBuildFile; fileRef = 8B1F3BF38789451CA7C39605 /* swift.mp3 */; };
		B6C455C6B01D47189279BE2B /* thats-a-no.mp3 in Resources */ = {isa = PBXBuildFile; fileRef = ABFAE8E54EFD41509FFDF896 /* thats-a-no.mp3 */; };
		E98E1A6668AE4CB189C47FF6 /* thats-nasty.mp3 in Resources */ = {isa = PBXBuildFile; fileRef = 53E5DB10B441401B8AB3E5E2 /* thats-nasty.mp3 */; };
		7CFC9B6A1D2049B1B8B15234 /* the-squeaky-wheel-gets-the-grease.mp3 in Resources */ = {isa = PBXBuildFile; fileRef = F73592C161054DB68BCC34F5 /* the-squeaky-wheel-gets-the-grease.mp3 */; };
		4262052249DE4CA6A16D5346 /* trained.mp3 in Resources */ = {isa = PBXBuildFile; fileRef = A462D238F873430E9A8176C6 /* trained.mp3 */; };
		4BEDF254E83D46BDB76162BE /* what.mp3 in Resources */ = {isa = PBXBuildFile; fileRef = 959FF57AAC324A3DB56F707F /* what.mp3 */; };
		739F50D234E2481281D11E83 /* whatever.mp3 in Resources */ = {isa = PBXBuildFile; fileRef = D3887A8EDBB74AD6ADCEB2E1 /* whatever.mp3 */; };
		DE463559050841A4B922C1A9 /* will-you.mp3 in Resources */ = {isa = PBXBuildFile; fileRef = 373BDE42576943B3A9DCA469 /* will-you.mp3 */; };
		85296A0800A24AE192F3F9B8 /* worthwhile.mp3 in Resources */ = {isa = PBXBuildFile; fileRef = 77B0459EAD6B40FEB0189873 /* worthwhile.mp3 */; };
		EF832194264347B9BF92838C /* yep.mp3 in Resources */ = {isa = PBXBuildFile; fileRef = D6D5A84391974FCAAD1254F0 /* yep.mp3 */; };
		4D34F13EB5F044F3BD55448A /* you-know.mp3 in Resources */ = {isa = PBXBuildFile; fileRef = C5583B84E55E4D56801BE9CA /* you-know.mp3 */; };
		D6DCDD17900A4A57AB3E4A07 /* your-turn.mp3 in Resources */ = {isa = PBXBuildFile; fileRef = 88B9A3F4FCFE44F3B7A0801C /* your-turn.mp3 */; };
		6F98CAFA7831419284C0BB03 /* you-wouldnt-believe.mp3 in Resources */ = {isa = PBXBuildFile; fileRef = C01D611D63CE4636A8487331 /* you-wouldnt-believe.mp3 */; };
		957A2545F4F84FC085EC9E1A /* Flashlight.m in Sources */ = {isa = PBXBuildFile; fileRef = 7EC2C59EFF234C1AB9D1595F /* Flashlight.m */; };
		97691F91BCCD406AB6DF94D8 /* CDVLocation.m in Sources */ = {isa = PBXBuildFile; fileRef = FBF38052711B4649B4DEC4C6 /* CDVLocation.m */; };
		FA16D9D178654BFE970EBDD3 /* CoreLocation.framework in Frameworks */ = {isa = PBXBuildFile; fileRef = B54B7ED4029E4C2DB83CAB3E /* CoreLocation.framework */; };
		E0857280CC984B2BBBB4485B /* SpinnerPlugin.m in Sources */ = {isa = PBXBuildFile; fileRef = 421516548E2B4768A74C25E2 /* SpinnerPlugin.m */; };
		208808761ECC412AA7A4BFF4 /* MBProgressHUD.m in Sources */ = {isa = PBXBuildFile; fileRef = 9DE45D7B452548D0B860288D /* MBProgressHUD.m */; };
		DE95087010B2407985AB2FF5 /* CDVVibration.m in Sources */ = {isa = PBXBuildFile; fileRef = AEC996249014435794041009 /* CDVVibration.m */; };
		EC6EF86D672A43FEA98B291A /* AudioToolbox.framework in Frameworks */ = {isa = PBXBuildFile; fileRef = B9463309A5AE44CD8F8385A6 /* AudioToolbox.framework */; settings = {ATTRIBUTES = (Weak, ); }; };
		F7DCE85ED5174BFC988738FB /* Calendar.m in Sources */ = {isa = PBXBuildFile; fileRef = 8BC23E84182F4483A9CC66C1 /* Calendar.m */; };
		73AFC40BB0424ADB94F32DEB /* EventKit.framework in Frameworks */ = {isa = PBXBuildFile; fileRef = 422F437AB8774B718A88BB19 /* EventKit.framework */; };
		C4F68734F697400AB08B3491 /* EventKitUI.framework in Frameworks */ = {isa = PBXBuildFile; fileRef = 5FB70F91B0E3498DB7D407F6 /* EventKitUI.framework */; };
/* End PBXBuildFile section */

/* Begin PBXContainerItemProxy section */
		301BF534109A57CC0062928A /* PBXContainerItemProxy */ = {
			isa = PBXContainerItemProxy;
			containerPortal = 301BF52D109A57CC0062928A /* CordovaLib.xcodeproj */;
			proxyType = 2;
			remoteGlobalIDString = D2AAC07E0554694100DB518D;
			remoteInfo = CordovaLib;
		};
		301BF550109A68C00062928A /* PBXContainerItemProxy */ = {
			isa = PBXContainerItemProxy;
			containerPortal = 301BF52D109A57CC0062928A /* CordovaLib.xcodeproj */;
			proxyType = 1;
			remoteGlobalIDString = D2AAC07D0554694100DB518D;
			remoteInfo = CordovaLib;
		};
/* End PBXContainerItemProxy section */

/* Begin PBXFileReference section */
		0207DA571B56EA530066E2B4 /* Images.xcassets */ = {isa = PBXFileReference; lastKnownFileType = folder.assetcatalog; name = Images.xcassets; path = "Timeweb Monitor/Images.xcassets"; sourceTree = SOURCE_ROOT; };
		1D3623240D0F684500981E51 /* AppDelegate.h */ = {isa = PBXFileReference; fileEncoding = 4; lastKnownFileType = sourcecode.c.h; path = AppDelegate.h; sourceTree = "<group>"; };
		1D3623250D0F684500981E51 /* AppDelegate.m */ = {isa = PBXFileReference; fileEncoding = 4; lastKnownFileType = sourcecode.c.objc; path = AppDelegate.m; sourceTree = "<group>"; };
		1D6058910D05DD3D006BFB54 /* Timeweb Monitor.app */ = {isa = PBXFileReference; explicitFileType = wrapper.application; includeInIndex = 0; path = "Timeweb Monitor.app"; sourceTree = BUILT_PRODUCTS_DIR; };
		29B97316FDCFA39411CA2CEA /* main.m */ = {isa = PBXFileReference; fileEncoding = 4; lastKnownFileType = sourcecode.c.objc; path = main.m; sourceTree = "<group>"; };
		301BF52D109A57CC0062928A /* CordovaLib.xcodeproj */ = {isa = PBXFileReference; lastKnownFileType = "wrapper.pb-project"; path = CordovaLib.xcodeproj; sourceTree = CORDOVALIB; };
		301BF56E109A69640062928A /* www */ = {isa = PBXFileReference; lastKnownFileType = folder; path = www; sourceTree = SOURCE_ROOT; };
		302D95EE14D2391D003F00A1 /* MainViewController.h */ = {isa = PBXFileReference; fileEncoding = 4; lastKnownFileType = sourcecode.c.h; path = MainViewController.h; sourceTree = "<group>"; };
		302D95EF14D2391D003F00A1 /* MainViewController.m */ = {isa = PBXFileReference; fileEncoding = 4; lastKnownFileType = sourcecode.c.objc; path = MainViewController.m; sourceTree = "<group>"; };
		302D95F014D2391D003F00A1 /* MainViewController.xib */ = {isa = PBXFileReference; fileEncoding = 4; lastKnownFileType = file.xib; path = MainViewController.xib; sourceTree = "<group>"; };
		3047A50F1AB8059700498E2A /* build-debug.xcconfig */ = {isa = PBXFileReference; fileEncoding = 4; lastKnownFileType = text.xcconfig; name = "build-debug.xcconfig"; path = cordova/build-debug.xcconfig; sourceTree = SOURCE_ROOT; };
		3047A5101AB8059700498E2A /* build-release.xcconfig */ = {isa = PBXFileReference; fileEncoding = 4; lastKnownFileType = text.xcconfig; name = "build-release.xcconfig"; path = cordova/build-release.xcconfig; sourceTree = SOURCE_ROOT; };
		3047A5111AB8059700498E2A /* build.xcconfig */ = {isa = PBXFileReference; fileEncoding = 4; lastKnownFileType = text.xcconfig; name = build.xcconfig; path = cordova/build.xcconfig; sourceTree = SOURCE_ROOT; };
		32CA4F630368D1EE00C91783 /* Timeweb Monitor-Prefix.pch */ = {isa = PBXFileReference; fileEncoding = 4; lastKnownFileType = sourcecode.c.h; path = "Timeweb Monitor-Prefix.pch"; sourceTree = "<group>"; };
		8D1107310486CEB800E47090 /* Timeweb Monitor-Info.plist */ = {isa = PBXFileReference; fileEncoding = 4; lastKnownFileType = text.plist.xml; name = "Timeweb Monitor-Info.plist"; path = "Timeweb Monitor/Timeweb Monitor-Info.plist"; plistStructureDefinitionIdentifier = "com.apple.xcode.plist.structure-definition.iphone.info-plist"; sourceTree = SOURCE_ROOT; };
		EB87FDF31871DA8E0020F90C /* www */ = {isa = PBXFileReference; lastKnownFileType = folder; name = www; path = ../../www; sourceTree = "<group>"; };
		EB87FDF41871DAF40020F90C /* config.xml */ = {isa = PBXFileReference; lastKnownFileType = text.xml; name = config.xml; path = ../../config.xml; sourceTree = "<group>"; };
		F840E1F0165FE0F500CFE078 /* config.xml */ = {isa = PBXFileReference; lastKnownFileType = text.xml; name = config.xml; path = "Timeweb Monitor/config.xml"; sourceTree = "<group>"; };
		ED33DF2A687741AEAF9F8254 /* Bridging-Header.h */ = {isa = PBXFileReference; fileEncoding = 4; lastKnownFileType = sourcecode.c.h; name = "Bridging-Header.h"; path = "Bridging-Header.h"; sourceTree = "<group>"; };
		F57FD08FAED74966A681E8FC /* AppDelegate+notification.m */ = {isa = PBXFileReference; name = "AppDelegate+notification.m"; path = "com.phonegap.plugins.Puship/AppDelegate+notification.m"; sourceTree = "<group>"; fileEncoding = 4; lastKnownFileType = sourcecode.c.objc; explicitFileType = undefined; includeInIndex = 0; };
		9F86A51A5B1B4D969225A347 /* PushPlugin.m */ = {isa = PBXFileReference; name = "PushPlugin.m"; path = "com.phonegap.plugins.Puship/PushPlugin.m"; sourceTree = "<group>"; fileEncoding = 4; lastKnownFileType = sourcecode.c.objc; explicitFileType = undefined; includeInIndex = 0; };
		1AD5FE0FBDC9405DBFFC8A00 /* AppDelegate+notification.h */ = {isa = PBXFileReference; name = "AppDelegate+notification.h"; path = "com.phonegap.plugins.Puship/AppDelegate+notification.h"; sourceTree = "<group>"; fileEncoding = 4; lastKnownFileType = sourcecode.c.h; explicitFileType = undefined; includeInIndex = 0; };
		69F83A42A08B46098371D7EA /* PushPlugin.h */ = {isa = PBXFileReference; name = "PushPlugin.h"; path = "com.phonegap.plugins.Puship/PushPlugin.h"; sourceTree = "<group>"; fileEncoding = 4; lastKnownFileType = sourcecode.c.h; explicitFileType = undefined; includeInIndex = 0; };
		CF757E006E9C4526BB73A8BD /* abduction.mp3 */ = {isa = PBXFileReference; name = "abduction.mp3"; path = "abduction.mp3"; sourceTree = "<group>"; fileEncoding = undefined; lastKnownFileType = unknown; explicitFileType = undefined; includeInIndex = 0; };
		031BDC0ED99B4B9CA0944460 /* ache.mp3 */ = {isa = PBXFileReference; name = "ache.mp3"; path = "ache.mp3"; sourceTree = "<group>"; fileEncoding = undefined; lastKnownFileType = unknown; explicitFileType = undefined; includeInIndex = 0; };
		3418B91926614CA8A3DA9041 /* a-ha-moment.mp3 */ = {isa = PBXFileReference; name = "a-ha-moment.mp3"; path = "a-ha-moment.mp3"; sourceTree = "<group>"; fileEncoding = undefined; lastKnownFileType = unknown; explicitFileType = undefined; includeInIndex = 0; };
		8D09B5534A4D4D9E93770402 /* all-of-a-sudden.mp3 */ = {isa = PBXFileReference; name = "all-of-a-sudden.mp3"; path = "all-of-a-sudden.mp3"; sourceTree = "<group>"; fileEncoding = undefined; lastKnownFileType = unknown; explicitFileType = undefined; includeInIndex = 0; };
		4C9569D5485645A794EC6E8E /* are-you-kidding.mp3 */ = {isa = PBXFileReference; name = "are-you-kidding.mp3"; path = "are-you-kidding.mp3"; sourceTree = "<group>"; fileEncoding = undefined; lastKnownFileType = unknown; explicitFileType = undefined; includeInIndex = 0; };
		81BC21B02D0C415C843741B0 /* argh-my-eyes.mp3 */ = {isa = PBXFileReference; name = "argh-my-eyes.mp3"; path = "argh-my-eyes.mp3"; sourceTree = "<group>"; fileEncoding = undefined; lastKnownFileType = unknown; explicitFileType = undefined; includeInIndex = 0; };
		35A2477EA5BA4711ACD6A4AC /* a-taste-of-the-whip.mp3 */ = {isa = PBXFileReference; name = "a-taste-of-the-whip.mp3"; path = "a-taste-of-the-whip.mp3"; sourceTree = "<group>"; fileEncoding = undefined; lastKnownFileType = unknown; explicitFileType = undefined; includeInIndex = 0; };
		A3270C4487894579B8C8CB1C /* attracted.mp3 */ = {isa = PBXFileReference; name = "attracted.mp3"; path = "attracted.mp3"; sourceTree = "<group>"; fileEncoding = undefined; lastKnownFileType = unknown; explicitFileType = undefined; includeInIndex = 0; };
		3AFA42CBE0284FBCA9110BAD /* awareness.mp3 */ = {isa = PBXFileReference; name = "awareness.mp3"; path = "awareness.mp3"; sourceTree = "<group>"; fileEncoding = undefined; lastKnownFileType = unknown; explicitFileType = undefined; includeInIndex = 0; };
		155F223FFDA34CEFA6C843D6 /* base.mp3 */ = {isa = PBXFileReference; name = "base.mp3"; path = "base.mp3"; sourceTree = "<group>"; fileEncoding = undefined; lastKnownFileType = unknown; explicitFileType = undefined; includeInIndex = 0; };
		9A5273A552C84656AFDE8800 /* blocker.mp3 */ = {isa = PBXFileReference; name = "blocker.mp3"; path = "blocker.mp3"; sourceTree = "<group>"; fileEncoding = undefined; lastKnownFileType = unknown; explicitFileType = undefined; includeInIndex = 0; };
		AF4FB50AAB0147C19292A442 /* braking.mp3 */ = {isa = PBXFileReference; name = "braking.mp3"; path = "braking.mp3"; sourceTree = "<group>"; fileEncoding = undefined; lastKnownFileType = unknown; explicitFileType = undefined; includeInIndex = 0; };
		53B7C6AA9C7B43B29965881E /* cable-unplugged.mp3 */ = {isa = PBXFileReference; name = "cable-unplugged.mp3"; path = "cable-unplugged.mp3"; sourceTree = "<group>"; fileEncoding = undefined; lastKnownFileType = unknown; explicitFileType = undefined; includeInIndex = 0; };
		8C64579CB3814C52A0BEB667 /* cause-and-effect.mp3 */ = {isa = PBXFileReference; name = "cause-and-effect.mp3"; path = "cause-and-effect.mp3"; sourceTree = "<group>"; fileEncoding = undefined; lastKnownFileType = unknown; explicitFileType = undefined; includeInIndex = 0; };
		B708CEF4072F436C883AB393 /* chafing.mp3 */ = {isa = PBXFileReference; name = "chafing.mp3"; path = "chafing.mp3"; sourceTree = "<group>"; fileEncoding = undefined; lastKnownFileType = unknown; explicitFileType = undefined; includeInIndex = 0; };
		0427CF666E274353A618EE1B /* closed.mp3 */ = {isa = PBXFileReference; name = "closed.mp3"; path = "closed.mp3"; sourceTree = "<group>"; fileEncoding = undefined; lastKnownFileType = unknown; explicitFileType = undefined; includeInIndex = 0; };
		D250BAFBFC5A4DEAB01BDF6D /* code.mp3 */ = {isa = PBXFileReference; name = "code.mp3"; path = "code.mp3"; sourceTree = "<group>"; fileEncoding = undefined; lastKnownFileType = unknown; explicitFileType = undefined; includeInIndex = 0; };
		C5138799F0C14F06B9FE11CA /* coins.mp3 */ = {isa = PBXFileReference; name = "coins.mp3"; path = "coins.mp3"; sourceTree = "<group>"; fileEncoding = undefined; lastKnownFileType = unknown; explicitFileType = undefined; includeInIndex = 0; };
		C6DBBD2F42E54D22A48CB2F8 /* come-to-daddy.mp3 */ = {isa = PBXFileReference; name = "come-to-daddy.mp3"; path = "come-to-daddy.mp3"; sourceTree = "<group>"; fileEncoding = undefined; lastKnownFileType = unknown; explicitFileType = undefined; includeInIndex = 0; };
		ADA435E4701346A3A7D599BD /* communication-channel.mp3 */ = {isa = PBXFileReference; name = "communication-channel.mp3"; path = "communication-channel.mp3"; sourceTree = "<group>"; fileEncoding = undefined; lastKnownFileType = unknown; explicitFileType = undefined; includeInIndex = 0; };
		FA021786135642F0B2611D82 /* credulous.mp3 */ = {isa = PBXFileReference; name = "credulous.mp3"; path = "credulous.mp3"; sourceTree = "<group>"; fileEncoding = undefined; lastKnownFileType = unknown; explicitFileType = undefined; includeInIndex = 0; };
		6677CB72C05B49DCA41E9598 /* croak.mp3 */ = {isa = PBXFileReference; name = "croak.mp3"; path = "croak.mp3"; sourceTree = "<group>"; fileEncoding = undefined; lastKnownFileType = unknown; explicitFileType = undefined; includeInIndex = 0; };
		CB76740B61024ED08AAD0670 /* cyberincident.mp3 */ = {isa = PBXFileReference; name = "cyberincident.mp3"; path = "cyberincident.mp3"; sourceTree = "<group>"; fileEncoding = undefined; lastKnownFileType = unknown; explicitFileType = undefined; includeInIndex = 0; };
		C2848C70B1B04A428718BB78 /* decay.mp3 */ = {isa = PBXFileReference; name = "decay.mp3"; path = "decay.mp3"; sourceTree = "<group>"; fileEncoding = undefined; lastKnownFileType = unknown; explicitFileType = undefined; includeInIndex = 0; };
		B2C98B7C793A47BBB2B5A705 /* does-not-behave.mp3 */ = {isa = PBXFileReference; name = "does-not-behave.mp3"; path = "does-not-behave.mp3"; sourceTree = "<group>"; fileEncoding = undefined; lastKnownFileType = unknown; explicitFileType = undefined; includeInIndex = 0; };
		39050B1936A94995B55341A2 /* dropped-spinner.mp3 */ = {isa = PBXFileReference; name = "dropped-spinner.mp3"; path = "dropped-spinner.mp3"; sourceTree = "<group>"; fileEncoding = undefined; lastKnownFileType = unknown; explicitFileType = undefined; includeInIndex = 0; };
		3B7D7BCBE56F4B1EA6DEC949 /* electronic.mp3 */ = {isa = PBXFileReference; name = "electronic.mp3"; path = "electronic.mp3"; sourceTree = "<group>"; fileEncoding = undefined; lastKnownFileType = unknown; explicitFileType = undefined; includeInIndex = 0; };
		7527E83A4F7140C784C508FD /* end-point-reached.mp3 */ = {isa = PBXFileReference; name = "end-point-reached.mp3"; path = "end-point-reached.mp3"; sourceTree = "<group>"; fileEncoding = undefined; lastKnownFileType = unknown; explicitFileType = undefined; includeInIndex = 0; };
		BB433A07AFD345F1ABA3D74E /* error-3.mp3 */ = {isa = PBXFileReference; name = "error-3.mp3"; path = "error-3.mp3"; sourceTree = "<group>"; fileEncoding = undefined; lastKnownFileType = unknown; explicitFileType = undefined; includeInIndex = 0; };
		CCC594DF4A904A18BF2D5D3E /* et-voila.mp3 */ = {isa = PBXFileReference; name = "et-voila.mp3"; path = "et-voila.mp3"; sourceTree = "<group>"; fileEncoding = undefined; lastKnownFileType = unknown; explicitFileType = undefined; includeInIndex = 0; };
		7B9EB2CF5BC341A99C3BE991 /* fallbackring.ogg */ = {isa = PBXFileReference; name = "fallbackring.ogg"; path = "fallbackring.ogg"; sourceTree = "<group>"; fileEncoding = undefined; lastKnownFileType = unknown; explicitFileType = undefined; includeInIndex = 0; };
		4A33B2AFB680429992268B72 /* fallin.mp3 */ = {isa = PBXFileReference; name = "fallin.mp3"; path = "fallin.mp3"; sourceTree = "<group>"; fileEncoding = undefined; lastKnownFileType = unknown; explicitFileType = undefined; includeInIndex = 0; };
		2774964BA0C241CC884CEB38 /* fast-turnaround.mp3 */ = {isa = PBXFileReference; name = "fast-turnaround.mp3"; path = "fast-turnaround.mp3"; sourceTree = "<group>"; fileEncoding = undefined; lastKnownFileType = unknown; explicitFileType = undefined; includeInIndex = 0; };
		D53D55E5E4C54D47BCECEB38 /* finger-push.mp3 */ = {isa = PBXFileReference; name = "finger-push.mp3"; path = "finger-push.mp3"; sourceTree = "<group>"; fileEncoding = undefined; lastKnownFileType = unknown; explicitFileType = undefined; includeInIndex = 0; };
		18D73E1CB13D4FC19EA75B08 /* genuinely-interested.mp3 */ = {isa = PBXFileReference; name = "genuinely-interested.mp3"; path = "genuinely-interested.mp3"; sourceTree = "<group>"; fileEncoding = undefined; lastKnownFileType = unknown; explicitFileType = undefined; includeInIndex = 0; };
		F572FBCFE001411D8E3B2545 /* gets-in-the-way.mp3 */ = {isa = PBXFileReference; name = "gets-in-the-way.mp3"; path = "gets-in-the-way.mp3"; sourceTree = "<group>"; fileEncoding = undefined; lastKnownFileType = unknown; explicitFileType = undefined; includeInIndex = 0; };
		372443B9A0084FDC8B488095 /* good-morning.mp3 */ = {isa = PBXFileReference; name = "good-morning.mp3"; path = "good-morning.mp3"; sourceTree = "<group>"; fileEncoding = undefined; lastKnownFileType = unknown; explicitFileType = undefined; includeInIndex = 0; };
		50822F20230A4C4CB1BB11B0 /* gummy-sweep.mp3 */ = {isa = PBXFileReference; name = "gummy-sweep.mp3"; path = "gummy-sweep.mp3"; sourceTree = "<group>"; fileEncoding = undefined; lastKnownFileType = unknown; explicitFileType = undefined; includeInIndex = 0; };
		2FEDA4D66AC546ABB09B1563 /* happy-ending.mp3 */ = {isa = PBXFileReference; name = "happy-ending.mp3"; path = "happy-ending.mp3"; sourceTree = "<group>"; fileEncoding = undefined; lastKnownFileType = unknown; explicitFileType = undefined; includeInIndex = 0; };
		635B00168FB54BFCACA52BD7 /* hey-im-here-too.mp3 */ = {isa = PBXFileReference; name = "hey-im-here-too.mp3"; path = "hey-im-here-too.mp3"; sourceTree = "<group>"; fileEncoding = undefined; lastKnownFileType = unknown; explicitFileType = undefined; includeInIndex = 0; };
		269EFFC38A0442F59C132EF8 /* hiccup.mp3 */ = {isa = PBXFileReference; name = "hiccup.mp3"; path = "hiccup.mp3"; sourceTree = "<group>"; fileEncoding = undefined; lastKnownFileType = unknown; explicitFileType = undefined; includeInIndex = 0; };
		AE3E36E8FC8B4C21B6F440BC /* inquisitiveness.mp3 */ = {isa = PBXFileReference; name = "inquisitiveness.mp3"; path = "inquisitiveness.mp3"; sourceTree = "<group>"; fileEncoding = undefined; lastKnownFileType = unknown; explicitFileType = undefined; includeInIndex = 0; };
		69D0744A0D7C4696AD45AC0C /* in-your-plate.mp3 */ = {isa = PBXFileReference; name = "in-your-plate.mp3"; path = "in-your-plate.mp3"; sourceTree = "<group>"; fileEncoding = undefined; lastKnownFileType = unknown; explicitFileType = undefined; includeInIndex = 0; };
		CE02678B69BF495682CA8DF2 /* i-saw-you.mp3 */ = {isa = PBXFileReference; name = "i-saw-you.mp3"; path = "i-saw-you.mp3"; sourceTree = "<group>"; fileEncoding = undefined; lastKnownFileType = unknown; explicitFileType = undefined; includeInIndex = 0; };
		5C3C9A8A1B5649C2A71975F5 /* job-done.mp3 */ = {isa = PBXFileReference; name = "job-done.mp3"; path = "job-done.mp3"; sourceTree = "<group>"; fileEncoding = undefined; lastKnownFileType = unknown; explicitFileType = undefined; includeInIndex = 0; };
		7C9DE1B4A4A143A8A2A826D5 /* jubilation.mp3 */ = {isa = PBXFileReference; name = "jubilation.mp3"; path = "jubilation.mp3"; sourceTree = "<group>"; fileEncoding = undefined; lastKnownFileType = unknown; explicitFileType = undefined; includeInIndex = 0; };
		F93BD25804504DA5952A93CE /* just-like-magic.mp3 */ = {isa = PBXFileReference; name = "just-like-magic.mp3"; path = "just-like-magic.mp3"; sourceTree = "<group>"; fileEncoding = undefined; lastKnownFileType = unknown; explicitFileType = undefined; includeInIndex = 0; };
		D7E3F6AC6A864771A8D1AB18 /* just-like-that.mp3 */ = {isa = PBXFileReference; name = "just-like-that.mp3"; path = "just-like-that.mp3"; sourceTree = "<group>"; fileEncoding = undefined; lastKnownFileType = unknown; explicitFileType = undefined; includeInIndex = 0; };
		2EE524E936AF4C15BD343C71 /* knob.mp3 */ = {isa = PBXFileReference; name = "knob.mp3"; path = "knob.mp3"; sourceTree = "<group>"; fileEncoding = undefined; lastKnownFileType = unknown; explicitFileType = undefined; includeInIndex = 0; };
		7202B297A32F438A8B95A8AB /* long-chime-sound.mp3 */ = {isa = PBXFileReference; name = "long-chime-sound.mp3"; path = "long-chime-sound.mp3"; sourceTree = "<group>"; fileEncoding = undefined; lastKnownFileType = unknown; explicitFileType = undefined; includeInIndex = 0; };
		0900527B0D50446EAF0516CF /* machine-poo.mp3 */ = {isa = PBXFileReference; name = "machine-poo.mp3"; path = "machine-poo.mp3"; sourceTree = "<group>"; fileEncoding = undefined; lastKnownFileType = unknown; explicitFileType = undefined; includeInIndex = 0; };
		D990B697C3B246E89D713C54 /* may-i-have-your-attention.mp3 */ = {isa = PBXFileReference; name = "may-i-have-your-attention.mp3"; path = "may-i-have-your-attention.mp3"; sourceTree = "<group>"; fileEncoding = undefined; lastKnownFileType = unknown; explicitFileType = undefined; includeInIndex = 0; };
		EB8C3A4F12C140009D766C6E /* me.mp3 */ = {isa = PBXFileReference; name = "me.mp3"; path = "me.mp3"; sourceTree = "<group>"; fileEncoding = undefined; lastKnownFileType = unknown; explicitFileType = undefined; includeInIndex = 0; };
		69310BF3238342B7B9836A98 /* munchausen.mp3 */ = {isa = PBXFileReference; name = "munchausen.mp3"; path = "munchausen.mp3"; sourceTree = "<group>"; fileEncoding = undefined; lastKnownFileType = unknown; explicitFileType = undefined; includeInIndex = 0; };
		7524F7E691364E36900DD91E /* net.mp3 */ = {isa = PBXFileReference; name = "net.mp3"; path = "net.mp3"; sourceTree = "<group>"; fileEncoding = undefined; lastKnownFileType = unknown; explicitFileType = undefined; includeInIndex = 0; };
		78FCB024A217424A886A5BA4 /* no-trespassing.mp3 */ = {isa = PBXFileReference; name = "no-trespassing.mp3"; path = "no-trespassing.mp3"; sourceTree = "<group>"; fileEncoding = undefined; lastKnownFileType = unknown; explicitFileType = undefined; includeInIndex = 0; };
		96497DA042CD4E448961B310 /* no-way.mp3 */ = {isa = PBXFileReference; name = "no-way.mp3"; path = "no-way.mp3"; sourceTree = "<group>"; fileEncoding = undefined; lastKnownFileType = unknown; explicitFileType = undefined; includeInIndex = 0; };
		A38CE19220784DB7A121F3B7 /* oh-really.mp3 */ = {isa = PBXFileReference; name = "oh-really.mp3"; path = "oh-really.mp3"; sourceTree = "<group>"; fileEncoding = undefined; lastKnownFileType = unknown; explicitFileType = undefined; includeInIndex = 0; };
		730AFB29BA9A4749A96D97C9 /* on-serious-matters.mp3 */ = {isa = PBXFileReference; name = "on-serious-matters.mp3"; path = "on-serious-matters.mp3"; sourceTree = "<group>"; fileEncoding = undefined; lastKnownFileType = unknown; explicitFileType = undefined; includeInIndex = 0; };
		64BAD42BD65846339F9F3147 /* oringz-pack-nine-15.mp3 */ = {isa = PBXFileReference; name = "oringz-pack-nine-15.mp3"; path = "oringz-pack-nine-15.mp3"; sourceTree = "<group>"; fileEncoding = undefined; lastKnownFileType = unknown; explicitFileType = undefined; includeInIndex = 0; };
		018C16DA4DCA4B5CBDB5DE97 /* pedantic.mp3 */ = {isa = PBXFileReference; name = "pedantic.mp3"; path = "pedantic.mp3"; sourceTree = "<group>"; fileEncoding = undefined; lastKnownFileType = unknown; explicitFileType = undefined; includeInIndex = 0; };
		7BC6DF426BCD4106834EC269 /* pizzicato.mp3 */ = {isa = PBXFileReference; name = "pizzicato.mp3"; path = "pizzicato.mp3"; sourceTree = "<group>"; fileEncoding = undefined; lastKnownFileType = unknown; explicitFileType = undefined; includeInIndex = 0; };
		80048706FCD14B469E72BCF8 /* pluck.mp3 */ = {isa = PBXFileReference; name = "pluck.mp3"; path = "pluck.mp3"; sourceTree = "<group>"; fileEncoding = undefined; lastKnownFileType = unknown; explicitFileType = undefined; includeInIndex = 0; };
		69FAE7F84E19461EA687149A /* professionals.mp3 */ = {isa = PBXFileReference; name = "professionals.mp3"; path = "professionals.mp3"; sourceTree = "<group>"; fileEncoding = undefined; lastKnownFileType = unknown; explicitFileType = undefined; includeInIndex = 0; };
		CB38AB312EC948D2818C50BA /* pull-back.mp3 */ = {isa = PBXFileReference; name = "pull-back.mp3"; path = "pull-back.mp3"; sourceTree = "<group>"; fileEncoding = undefined; lastKnownFileType = unknown; explicitFileType = undefined; includeInIndex = 0; };
		E62CF08FFD4A4A4CAB6C019E /* put-down.mp3 */ = {isa = PBXFileReference; name = "put-down.mp3"; path = "put-down.mp3"; sourceTree = "<group>"; fileEncoding = undefined; lastKnownFileType = unknown; explicitFileType = undefined; includeInIndex = 0; };
		DF6FC6944F714B8A990204A6 /* question-raised.mp3 */ = {isa = PBXFileReference; name = "question-raised.mp3"; path = "question-raised.mp3"; sourceTree = "<group>"; fileEncoding = undefined; lastKnownFileType = unknown; explicitFileType = undefined; includeInIndex = 0; };
		C0C66B9C8CFA494ABF09FE92 /* scissors.mp3 */ = {isa = PBXFileReference; name = "scissors.mp3"; path = "scissors.mp3"; sourceTree = "<group>"; fileEncoding = undefined; lastKnownFileType = unknown; explicitFileType = undefined; includeInIndex = 0; };
		D6FCC7F7D5CF413B976A1407 /* see-im-smart.mp3 */ = {isa = PBXFileReference; name = "see-im-smart.mp3"; path = "see-im-smart.mp3"; sourceTree = "<group>"; fileEncoding = undefined; lastKnownFileType = unknown; explicitFileType = undefined; includeInIndex = 0; };
		5BBAEAD7E3F34D5796FE79BB /* served.mp3 */ = {isa = PBXFileReference; name = "served.mp3"; path = "served.mp3"; sourceTree = "<group>"; fileEncoding = undefined; lastKnownFileType = unknown; explicitFileType = undefined; includeInIndex = 0; };
		A9D1D33FC9A64EDF8B163287 /* shut-your-mouth.mp3 */ = {isa = PBXFileReference; name = "shut-your-mouth.mp3"; path = "shut-your-mouth.mp3"; sourceTree = "<group>"; fileEncoding = undefined; lastKnownFileType = unknown; explicitFileType = undefined; includeInIndex = 0; };
		4FC55588551D4F36906FC2EE /* slap.mp3 */ = {isa = PBXFileReference; name = "slap.mp3"; path = "slap.mp3"; sourceTree = "<group>"; fileEncoding = undefined; lastKnownFileType = unknown; explicitFileType = undefined; includeInIndex = 0; };
		1DE58968D4F54BD9B180561B /* solemn.mp3 */ = {isa = PBXFileReference; name = "solemn.mp3"; path = "solemn.mp3"; sourceTree = "<group>"; fileEncoding = undefined; lastKnownFileType = unknown; explicitFileType = undefined; includeInIndex = 0; };
		DBD82F2147F048609ED2C702 /* strongly-attached.mp3 */ = {isa = PBXFileReference; name = "strongly-attached.mp3"; path = "strongly-attached.mp3"; sourceTree = "<group>"; fileEncoding = undefined; lastKnownFileType = unknown; explicitFileType = undefined; includeInIndex = 0; };
		D001ED425DFE426CABD3126E /* surprise-on-a-spring.mp3 */ = {isa = PBXFileReference; name = "surprise-on-a-spring.mp3"; path = "surprise-on-a-spring.mp3"; sourceTree = "<group>"; fileEncoding = undefined; lastKnownFileType = unknown; explicitFileType = undefined; includeInIndex = 0; };
		8B1F3BF38789451CA7C39605 /* swift.mp3 */ = {isa = PBXFileReference; name = "swift.mp3"; path = "swift.mp3"; sourceTree = "<group>"; fileEncoding = undefined; lastKnownFileType = unknown; explicitFileType = undefined; includeInIndex = 0; };
		ABFAE8E54EFD41509FFDF896 /* thats-a-no.mp3 */ = {isa = PBXFileReference; name = "thats-a-no.mp3"; path = "thats-a-no.mp3"; sourceTree = "<group>"; fileEncoding = undefined; lastKnownFileType = unknown; explicitFileType = undefined; includeInIndex = 0; };
		53E5DB10B441401B8AB3E5E2 /* thats-nasty.mp3 */ = {isa = PBXFileReference; name = "thats-nasty.mp3"; path = "thats-nasty.mp3"; sourceTree = "<group>"; fileEncoding = undefined; lastKnownFileType = unknown; explicitFileType = undefined; includeInIndex = 0; };
		F73592C161054DB68BCC34F5 /* the-squeaky-wheel-gets-the-grease.mp3 */ = {isa = PBXFileReference; name = "the-squeaky-wheel-gets-the-grease.mp3"; path = "the-squeaky-wheel-gets-the-grease.mp3"; sourceTree = "<group>"; fileEncoding = undefined; lastKnownFileType = unknown; explicitFileType = undefined; includeInIndex = 0; };
		A462D238F873430E9A8176C6 /* trained.mp3 */ = {isa = PBXFileReference; name = "trained.mp3"; path = "trained.mp3"; sourceTree = "<group>"; fileEncoding = undefined; lastKnownFileType = unknown; explicitFileType = undefined; includeInIndex = 0; };
		959FF57AAC324A3DB56F707F /* what.mp3 */ = {isa = PBXFileReference; name = "what.mp3"; path = "what.mp3"; sourceTree = "<group>"; fileEncoding = undefined; lastKnownFileType = unknown; explicitFileType = undefined; includeInIndex = 0; };
		D3887A8EDBB74AD6ADCEB2E1 /* whatever.mp3 */ = {isa = PBXFileReference; name = "whatever.mp3"; path = "whatever.mp3"; sourceTree = "<group>"; fileEncoding = undefined; lastKnownFileType = unknown; explicitFileType = undefined; includeInIndex = 0; };
		373BDE42576943B3A9DCA469 /* will-you.mp3 */ = {isa = PBXFileReference; name = "will-you.mp3"; path = "will-you.mp3"; sourceTree = "<group>"; fileEncoding = undefined; lastKnownFileType = unknown; explicitFileType = undefined; includeInIndex = 0; };
		77B0459EAD6B40FEB0189873 /* worthwhile.mp3 */ = {isa = PBXFileReference; name = "worthwhile.mp3"; path = "worthwhile.mp3"; sourceTree = "<group>"; fileEncoding = undefined; lastKnownFileType = unknown; explicitFileType = undefined; includeInIndex = 0; };
		D6D5A84391974FCAAD1254F0 /* yep.mp3 */ = {isa = PBXFileReference; name = "yep.mp3"; path = "yep.mp3"; sourceTree = "<group>"; fileEncoding = undefined; lastKnownFileType = unknown; explicitFileType = undefined; includeInIndex = 0; };
		C5583B84E55E4D56801BE9CA /* you-know.mp3 */ = {isa = PBXFileReference; name = "you-know.mp3"; path = "you-know.mp3"; sourceTree = "<group>"; fileEncoding = undefined; lastKnownFileType = unknown; explicitFileType = undefined; includeInIndex = 0; };
		88B9A3F4FCFE44F3B7A0801C /* your-turn.mp3 */ = {isa = PBXFileReference; name = "your-turn.mp3"; path = "your-turn.mp3"; sourceTree = "<group>"; fileEncoding = undefined; lastKnownFileType = unknown; explicitFileType = undefined; includeInIndex = 0; };
		C01D611D63CE4636A8487331 /* you-wouldnt-believe.mp3 */ = {isa = PBXFileReference; name = "you-wouldnt-believe.mp3"; path = "you-wouldnt-believe.mp3"; sourceTree = "<group>"; fileEncoding = undefined; lastKnownFileType = unknown; explicitFileType = undefined; includeInIndex = 0; };
		7EC2C59EFF234C1AB9D1595F /* Flashlight.m */ = {isa = PBXFileReference; name = "Flashlight.m"; path = "cordova-plugin-flashlight/Flashlight.m"; sourceTree = "<group>"; fileEncoding = 4; lastKnownFileType = sourcecode.c.objc; explicitFileType = undefined; includeInIndex = 0; };
		2954EB9713814EEFAD1E4FDD /* Flashlight.h */ = {isa = PBXFileReference; name = "Flashlight.h"; path = "cordova-plugin-flashlight/Flashlight.h"; sourceTree = "<group>"; fileEncoding = 4; lastKnownFileType = sourcecode.c.h; explicitFileType = undefined; includeInIndex = 0; };
		FBF38052711B4649B4DEC4C6 /* CDVLocation.m */ = {isa = PBXFileReference; name = "CDVLocation.m"; path = "cordova-plugin-geolocation/CDVLocation.m"; sourceTree = "<group>"; fileEncoding = 4; lastKnownFileType = sourcecode.c.objc; explicitFileType = undefined; includeInIndex = 0; };
		8FF2E5A216F548D28225ED3A /* CDVLocation.h */ = {isa = PBXFileReference; name = "CDVLocation.h"; path = "cordova-plugin-geolocation/CDVLocation.h"; sourceTree = "<group>"; fileEncoding = 4; lastKnownFileType = sourcecode.c.h; explicitFileType = undefined; includeInIndex = 0; };
		B54B7ED4029E4C2DB83CAB3E /* CoreLocation.framework */ = {isa = PBXFileReference; name = "CoreLocation.framework"; path = "System/Library/Frameworks/CoreLocation.framework"; sourceTree = SDKROOT; fileEncoding = undefined; lastKnownFileType = wrapper.framework; explicitFileType = undefined; includeInIndex = 0; };
		421516548E2B4768A74C25E2 /* SpinnerPlugin.m */ = {isa = PBXFileReference; name = "SpinnerPlugin.m"; path = "cordova-plugin-spinner/SpinnerPlugin.m"; sourceTree = "<group>"; fileEncoding = 4; lastKnownFileType = sourcecode.c.objc; explicitFileType = undefined; includeInIndex = 0; };
		9DE45D7B452548D0B860288D /* MBProgressHUD.m */ = {isa = PBXFileReference; name = "MBProgressHUD.m"; path = "cordova-plugin-spinner/MBProgressHUD.m"; sourceTree = "<group>"; fileEncoding = 4; lastKnownFileType = sourcecode.c.objc; explicitFileType = undefined; includeInIndex = 0; };
		55C45D11F4A848A0B59F07E2 /* SpinnerPlugin.h */ = {isa = PBXFileReference; name = "SpinnerPlugin.h"; path = "cordova-plugin-spinner/SpinnerPlugin.h"; sourceTree = "<group>"; fileEncoding = 4; lastKnownFileType = sourcecode.c.h; explicitFileType = undefined; includeInIndex = 0; };
		691D1AAEF8444E97BA386265 /* MBProgressHUD.h */ = {isa = PBXFileReference; name = "MBProgressHUD.h"; path = "cordova-plugin-spinner/MBProgressHUD.h"; sourceTree = "<group>"; fileEncoding = 4; lastKnownFileType = sourcecode.c.h; explicitFileType = undefined; includeInIndex = 0; };
		AEC996249014435794041009 /* CDVVibration.m */ = {isa = PBXFileReference; name = "CDVVibration.m"; path = "cordova-plugin-vibration/CDVVibration.m"; sourceTree = "<group>"; fileEncoding = 4; lastKnownFileType = sourcecode.c.objc; explicitFileType = undefined; includeInIndex = 0; };
		D695E2BF4BEC4612AFFE3C59 /* CDVVibration.h */ = {isa = PBXFileReference; name = "CDVVibration.h"; path = "cordova-plugin-vibration/CDVVibration.h"; sourceTree = "<group>"; fileEncoding = 4; lastKnownFileType = sourcecode.c.h; explicitFileType = undefined; includeInIndex = 0; };
		B9463309A5AE44CD8F8385A6 /* AudioToolbox.framework */ = {isa = PBXFileReference; name = "AudioToolbox.framework"; path = "System/Library/Frameworks/AudioToolbox.framework"; sourceTree = SDKROOT; fileEncoding = undefined; lastKnownFileType = wrapper.framework; explicitFileType = undefined; includeInIndex = 0; };
		8BC23E84182F4483A9CC66C1 /* Calendar.m */ = {isa = PBXFileReference; name = "Calendar.m"; path = "cordova-plugin-calendar/Calendar.m"; sourceTree = "<group>"; fileEncoding = 4; lastKnownFileType = sourcecode.c.objc; explicitFileType = undefined; includeInIndex = 0; };
		CAF618276C3B49BAA4C631D8 /* Calendar.h */ = {isa = PBXFileReference; name = "Calendar.h"; path = "cordova-plugin-calendar/Calendar.h"; sourceTree = "<group>"; fileEncoding = 4; lastKnownFileType = sourcecode.c.h; explicitFileType = undefined; includeInIndex = 0; };
		422F437AB8774B718A88BB19 /* EventKit.framework */ = {isa = PBXFileReference; name = "EventKit.framework"; path = "System/Library/Frameworks/EventKit.framework"; sourceTree = SDKROOT; fileEncoding = undefined; lastKnownFileType = wrapper.framework; explicitFileType = undefined; includeInIndex = 0; };
		5FB70F91B0E3498DB7D407F6 /* EventKitUI.framework */ = {isa = PBXFileReference; name = "EventKitUI.framework"; path = "System/Library/Frameworks/EventKitUI.framework"; sourceTree = SDKROOT; fileEncoding = undefined; lastKnownFileType = wrapper.framework; explicitFileType = undefined; includeInIndex = 0; };
/* End PBXFileReference section */

/* Begin PBXFrameworksBuildPhase section */
		1D60588F0D05DD3D006BFB54 /* Frameworks */ = {
			isa = PBXFrameworksBuildPhase;
			buildActionMask = 2147483647;
			files = (
				301BF552109A68D80062928A /* libCordova.a in Frameworks */,
				FA16D9D178654BFE970EBDD3 /* CoreLocation.framework in Frameworks */,
				EC6EF86D672A43FEA98B291A /* AudioToolbox.framework in Frameworks */,
				73AFC40BB0424ADB94F32DEB /* EventKit.framework in Frameworks */,
				C4F68734F697400AB08B3491 /* EventKitUI.framework in Frameworks */,
			);
			runOnlyForDeploymentPostprocessing = 0;
		};
/* End PBXFrameworksBuildPhase section */

/* Begin PBXGroup section */
		080E96DDFE201D6D7F000001 /* Classes */ = {
			isa = PBXGroup;
			children = (
				302D95EE14D2391D003F00A1 /* MainViewController.h */,
				302D95EF14D2391D003F00A1 /* MainViewController.m */,
				302D95F014D2391D003F00A1 /* MainViewController.xib */,
				1D3623240D0F684500981E51 /* AppDelegate.h */,
				1D3623250D0F684500981E51 /* AppDelegate.m */,
			);
			name = Classes;
			path = "Timeweb Monitor/Classes";
			sourceTree = SOURCE_ROOT;
		};
		19C28FACFE9D520D11CA2CBB /* Products */ = {
			isa = PBXGroup;
			children = (
				1D6058910D05DD3D006BFB54 /* Timeweb Monitor.app */,
			);
			name = Products;
			sourceTree = "<group>";
		};
		29B97314FDCFA39411CA2CEA /* CustomTemplate */ = {
			isa = PBXGroup;
			children = (
				EB87FDF41871DAF40020F90C /* config.xml */,
				EB87FDF31871DA8E0020F90C /* www */,
				EB87FDF11871DA420020F90C /* Staging */,
				301BF52D109A57CC0062928A /* CordovaLib.xcodeproj */,
				080E96DDFE201D6D7F000001 /* Classes */,
				307C750510C5A3420062BCA9 /* Plugins */,
				29B97315FDCFA39411CA2CEA /* Other Sources */,
				29B97317FDCFA39411CA2CEA /* Resources */,
				29B97323FDCFA39411CA2CEA /* Frameworks */,
				19C28FACFE9D520D11CA2CBB /* Products */,
			);
			name = CustomTemplate;
			sourceTree = "<group>";
		};
		29B97315FDCFA39411CA2CEA /* Other Sources */ = {
			isa = PBXGroup;
			children = (
				32CA4F630368D1EE00C91783 /* Timeweb Monitor-Prefix.pch */,
				29B97316FDCFA39411CA2CEA /* main.m */,
				ED33DF2A687741AEAF9F8254 /* Bridging-Header.h */,
			);
			name = "Other Sources";
			path = "Timeweb Monitor";
			sourceTree = "<group>";
		};
		29B97317FDCFA39411CA2CEA /* Resources */ = {
			isa = PBXGroup;
			children = (
				0207DA571B56EA530066E2B4 /* Images.xcassets */,
				3047A50E1AB8057F00498E2A /* config */,
				8D1107310486CEB800E47090 /* Timeweb Monitor-Info.plist */,
				CF757E006E9C4526BB73A8BD /* abduction.mp3 */,
				031BDC0ED99B4B9CA0944460 /* ache.mp3 */,
				3418B91926614CA8A3DA9041 /* a-ha-moment.mp3 */,
				8D09B5534A4D4D9E93770402 /* all-of-a-sudden.mp3 */,
				4C9569D5485645A794EC6E8E /* are-you-kidding.mp3 */,
				81BC21B02D0C415C843741B0 /* argh-my-eyes.mp3 */,
				35A2477EA5BA4711ACD6A4AC /* a-taste-of-the-whip.mp3 */,
				A3270C4487894579B8C8CB1C /* attracted.mp3 */,
				3AFA42CBE0284FBCA9110BAD /* awareness.mp3 */,
				155F223FFDA34CEFA6C843D6 /* base.mp3 */,
				9A5273A552C84656AFDE8800 /* blocker.mp3 */,
				AF4FB50AAB0147C19292A442 /* braking.mp3 */,
				53B7C6AA9C7B43B29965881E /* cable-unplugged.mp3 */,
				8C64579CB3814C52A0BEB667 /* cause-and-effect.mp3 */,
				B708CEF4072F436C883AB393 /* chafing.mp3 */,
				0427CF666E274353A618EE1B /* closed.mp3 */,
				D250BAFBFC5A4DEAB01BDF6D /* code.mp3 */,
				C5138799F0C14F06B9FE11CA /* coins.mp3 */,
				C6DBBD2F42E54D22A48CB2F8 /* come-to-daddy.mp3 */,
				ADA435E4701346A3A7D599BD /* communication-channel.mp3 */,
				FA021786135642F0B2611D82 /* credulous.mp3 */,
				6677CB72C05B49DCA41E9598 /* croak.mp3 */,
				CB76740B61024ED08AAD0670 /* cyberincident.mp3 */,
				C2848C70B1B04A428718BB78 /* decay.mp3 */,
				B2C98B7C793A47BBB2B5A705 /* does-not-behave.mp3 */,
				39050B1936A94995B55341A2 /* dropped-spinner.mp3 */,
				3B7D7BCBE56F4B1EA6DEC949 /* electronic.mp3 */,
				7527E83A4F7140C784C508FD /* end-point-reached.mp3 */,
				BB433A07AFD345F1ABA3D74E /* error-3.mp3 */,
				CCC594DF4A904A18BF2D5D3E /* et-voila.mp3 */,
				7B9EB2CF5BC341A99C3BE991 /* fallbackring.ogg */,
				4A33B2AFB680429992268B72 /* fallin.mp3 */,
				2774964BA0C241CC884CEB38 /* fast-turnaround.mp3 */,
				D53D55E5E4C54D47BCECEB38 /* finger-push.mp3 */,
				18D73E1CB13D4FC19EA75B08 /* genuinely-interested.mp3 */,
				F572FBCFE001411D8E3B2545 /* gets-in-the-way.mp3 */,
				372443B9A0084FDC8B488095 /* good-morning.mp3 */,
				50822F20230A4C4CB1BB11B0 /* gummy-sweep.mp3 */,
				2FEDA4D66AC546ABB09B1563 /* happy-ending.mp3 */,
				635B00168FB54BFCACA52BD7 /* hey-im-here-too.mp3 */,
				269EFFC38A0442F59C132EF8 /* hiccup.mp3 */,
				AE3E36E8FC8B4C21B6F440BC /* inquisitiveness.mp3 */,
				69D0744A0D7C4696AD45AC0C /* in-your-plate.mp3 */,
				CE02678B69BF495682CA8DF2 /* i-saw-you.mp3 */,
				5C3C9A8A1B5649C2A71975F5 /* job-done.mp3 */,
				7C9DE1B4A4A143A8A2A826D5 /* jubilation.mp3 */,
				F93BD25804504DA5952A93CE /* just-like-magic.mp3 */,
				D7E3F6AC6A864771A8D1AB18 /* just-like-that.mp3 */,
				2EE524E936AF4C15BD343C71 /* knob.mp3 */,
				7202B297A32F438A8B95A8AB /* long-chime-sound.mp3 */,
				0900527B0D50446EAF0516CF /* machine-poo.mp3 */,
				D990B697C3B246E89D713C54 /* may-i-have-your-attention.mp3 */,
				EB8C3A4F12C140009D766C6E /* me.mp3 */,
				69310BF3238342B7B9836A98 /* munchausen.mp3 */,
				7524F7E691364E36900DD91E /* net.mp3 */,
				78FCB024A217424A886A5BA4 /* no-trespassing.mp3 */,
				96497DA042CD4E448961B310 /* no-way.mp3 */,
				A38CE19220784DB7A121F3B7 /* oh-really.mp3 */,
				730AFB29BA9A4749A96D97C9 /* on-serious-matters.mp3 */,
				64BAD42BD65846339F9F3147 /* oringz-pack-nine-15.mp3 */,
				018C16DA4DCA4B5CBDB5DE97 /* pedantic.mp3 */,
				7BC6DF426BCD4106834EC269 /* pizzicato.mp3 */,
				80048706FCD14B469E72BCF8 /* pluck.mp3 */,
				69FAE7F84E19461EA687149A /* professionals.mp3 */,
				CB38AB312EC948D2818C50BA /* pull-back.mp3 */,
				E62CF08FFD4A4A4CAB6C019E /* put-down.mp3 */,
				DF6FC6944F714B8A990204A6 /* question-raised.mp3 */,
				C0C66B9C8CFA494ABF09FE92 /* scissors.mp3 */,
				D6FCC7F7D5CF413B976A1407 /* see-im-smart.mp3 */,
				5BBAEAD7E3F34D5796FE79BB /* served.mp3 */,
				A9D1D33FC9A64EDF8B163287 /* shut-your-mouth.mp3 */,
				4FC55588551D4F36906FC2EE /* slap.mp3 */,
				1DE58968D4F54BD9B180561B /* solemn.mp3 */,
				DBD82F2147F048609ED2C702 /* strongly-attached.mp3 */,
				D001ED425DFE426CABD3126E /* surprise-on-a-spring.mp3 */,
				8B1F3BF38789451CA7C39605 /* swift.mp3 */,
				ABFAE8E54EFD41509FFDF896 /* thats-a-no.mp3 */,
				53E5DB10B441401B8AB3E5E2 /* thats-nasty.mp3 */,
				F73592C161054DB68BCC34F5 /* the-squeaky-wheel-gets-the-grease.mp3 */,
				A462D238F873430E9A8176C6 /* trained.mp3 */,
				959FF57AAC324A3DB56F707F /* what.mp3 */,
				D3887A8EDBB74AD6ADCEB2E1 /* whatever.mp3 */,
				373BDE42576943B3A9DCA469 /* will-you.mp3 */,
				77B0459EAD6B40FEB0189873 /* worthwhile.mp3 */,
				D6D5A84391974FCAAD1254F0 /* yep.mp3 */,
				C5583B84E55E4D56801BE9CA /* you-know.mp3 */,
				88B9A3F4FCFE44F3B7A0801C /* your-turn.mp3 */,
				C01D611D63CE4636A8487331 /* you-wouldnt-believe.mp3 */,
			);
			name = Resources;
			path = "Timeweb Monitor/Resources";
			sourceTree = "<group>";
		};
		29B97323FDCFA39411CA2CEA /* Frameworks */ = {
			isa = PBXGroup;
			children = (
				B54B7ED4029E4C2DB83CAB3E /* CoreLocation.framework */,
				B9463309A5AE44CD8F8385A6 /* AudioToolbox.framework */,
				422F437AB8774B718A88BB19 /* EventKit.framework */,
				5FB70F91B0E3498DB7D407F6 /* EventKitUI.framework */,
			);
			name = Frameworks;
			sourceTree = "<group>";
		};
		301BF52E109A57CC0062928A /* Products */ = {
			isa = PBXGroup;
			children = (
				301BF535109A57CC0062928A /* libCordova.a */,
			);
			name = Products;
			sourceTree = "<group>";
		};
		3047A50E1AB8057F00498E2A /* config */ = {
			isa = PBXGroup;
			children = (
				3047A50F1AB8059700498E2A /* build-debug.xcconfig */,
				3047A5101AB8059700498E2A /* build-release.xcconfig */,
				3047A5111AB8059700498E2A /* build.xcconfig */,
			);
			name = config;
			sourceTree = "<group>";
		};
		307C750510C5A3420062BCA9 /* Plugins */ = {
			isa = PBXGroup;
			children = (
				F57FD08FAED74966A681E8FC /* AppDelegate+notification.m */,
				9F86A51A5B1B4D969225A347 /* PushPlugin.m */,
				1AD5FE0FBDC9405DBFFC8A00 /* AppDelegate+notification.h */,
				69F83A42A08B46098371D7EA /* PushPlugin.h */,
				7EC2C59EFF234C1AB9D1595F /* Flashlight.m */,
				2954EB9713814EEFAD1E4FDD /* Flashlight.h */,
				FBF38052711B4649B4DEC4C6 /* CDVLocation.m */,
				8FF2E5A216F548D28225ED3A /* CDVLocation.h */,
				421516548E2B4768A74C25E2 /* SpinnerPlugin.m */,
				9DE45D7B452548D0B860288D /* MBProgressHUD.m */,
				55C45D11F4A848A0B59F07E2 /* SpinnerPlugin.h */,
				691D1AAEF8444E97BA386265 /* MBProgressHUD.h */,
				AEC996249014435794041009 /* CDVVibration.m */,
				D695E2BF4BEC4612AFFE3C59 /* CDVVibration.h */,
				8BC23E84182F4483A9CC66C1 /* Calendar.m */,
				CAF618276C3B49BAA4C631D8 /* Calendar.h */,
			);
			name = Plugins;
			path = "Timeweb Monitor/Plugins";
			sourceTree = SOURCE_ROOT;
		};
		EB87FDF11871DA420020F90C /* Staging */ = {
			isa = PBXGroup;
			children = (
				F840E1F0165FE0F500CFE078 /* config.xml */,
				301BF56E109A69640062928A /* www */,
			);
			name = Staging;
			sourceTree = "<group>";
		};
/* End PBXGroup section */

/* Begin PBXNativeTarget section */
		1D6058900D05DD3D006BFB54 /* Timeweb Monitor */ = {
			isa = PBXNativeTarget;
			buildConfigurationList = 1D6058960D05DD3E006BFB54 /* Build configuration list for PBXNativeTarget "Timeweb Monitor" */;
			buildPhases = (
				304B58A110DAC018002A0835 /* Copy www directory */,
				1D60588D0D05DD3D006BFB54 /* Resources */,
				1D60588E0D05DD3D006BFB54 /* Sources */,
				1D60588F0D05DD3D006BFB54 /* Frameworks */,
			);
			buildRules = (
			);
			dependencies = (
				301BF551109A68C00062928A /* PBXTargetDependency */,
			);
			name = "Timeweb Monitor";
			productName = "Timeweb Monitor";
			productReference = 1D6058910D05DD3D006BFB54 /* Timeweb Monitor.app */;
			productType = "com.apple.product-type.application";
		};
/* End PBXNativeTarget section */

/* Begin PBXProject section */
		29B97313FDCFA39411CA2CEA /* Project object */ = {
			isa = PBXProject;
			attributes = {
				LastUpgradeCheck = 510;
			};
			buildConfigurationList = C01FCF4E08A954540054247B /* Build configuration list for PBXProject "__NON-CLI__" */;
			compatibilityVersion = "Xcode 3.2";
			developmentRegion = English;
			hasScannedForEncodings = 1;
			mainGroup = 29B97314FDCFA39411CA2CEA /* CustomTemplate */;
			projectDirPath = "";
			projectReferences = (
				{
					ProductGroup = 301BF52E109A57CC0062928A /* Products */;
					ProjectRef = 301BF52D109A57CC0062928A /* CordovaLib.xcodeproj */;
				},
			);
			projectRoot = "";
			targets = (
				1D6058900D05DD3D006BFB54 /* Timeweb Monitor */,
			);
		};
/* End PBXProject section */

/* Begin PBXReferenceProxy section */
		301BF535109A57CC0062928A /* libCordova.a */ = {
			isa = PBXReferenceProxy;
			fileType = archive.ar;
			path = libCordova.a;
			remoteRef = 301BF534109A57CC0062928A /* PBXContainerItemProxy */;
			sourceTree = BUILT_PRODUCTS_DIR;
		};
/* End PBXReferenceProxy section */

/* Begin PBXResourcesBuildPhase section */
		1D60588D0D05DD3D006BFB54 /* Resources */ = {
			isa = PBXResourcesBuildPhase;
			buildActionMask = 2147483647;
			files = (
				302D95F214D2391D003F00A1 /* MainViewController.xib in Resources */,
				3047A5131AB8059700498E2A /* build-release.xcconfig in Resources */,
				3047A5141AB8059700498E2A /* build.xcconfig in Resources */,
				0207DA581B56EA530066E2B4 /* Images.xcassets in Resources */,
				3047A5121AB8059700498E2A /* build-debug.xcconfig in Resources */,
				B637ADCC8CA34581857B7E70 /* abduction.mp3 in Resources */,
				11D06C4FEEB048DF8A134FAF /* ache.mp3 in Resources */,
				D2AD46A3F08148E39F4B2C37 /* a-ha-moment.mp3 in Resources */,
				59D30BC6181049968CAF3E41 /* all-of-a-sudden.mp3 in Resources */,
				ACB746BCAEFF4393BDAD3914 /* are-you-kidding.mp3 in Resources */,
				0BE84779B1774A75877F9895 /* argh-my-eyes.mp3 in Resources */,
				34BC7DFB467A48F4B7138644 /* a-taste-of-the-whip.mp3 in Resources */,
				F789BB9CBC3745D39ABD3C29 /* attracted.mp3 in Resources */,
				1F03F9F13D1F4E01A7F83A67 /* awareness.mp3 in Resources */,
				656EE2E29B164E8C8C6B7693 /* base.mp3 in Resources */,
				4CFFAB94E47D49779F154C0C /* blocker.mp3 in Resources */,
				3DC39D1FBD744B7A9522ACD0 /* braking.mp3 in Resources */,
				5C55902E232E4B588DCEC8B3 /* cable-unplugged.mp3 in Resources */,
				A29D23D6308C4C118B0D3378 /* cause-and-effect.mp3 in Resources */,
				7DCB9D9F51BA4D309F5162A8 /* chafing.mp3 in Resources */,
				677180320ED84BF781C2E6C5 /* closed.mp3 in Resources */,
				8F37A04A6BC44ED8AB221957 /* code.mp3 in Resources */,
				F4B24458951E49F2BDAB964E /* coins.mp3 in Resources */,
				57EAC902CBE743519646B07C /* come-to-daddy.mp3 in Resources */,
				D9776CF270334AE8A9C044FA /* communication-channel.mp3 in Resources */,
				F36EC946F7424DDD844F17AC /* credulous.mp3 in Resources */,
				9C827ADECFD14D4FA14FCB9B /* croak.mp3 in Resources */,
				59CEF19528E44D8E92CD1A1F /* cyberincident.mp3 in Resources */,
				FE634E0E85F141A295DCBED7 /* decay.mp3 in Resources */,
				B0267509A7634B64A3A92088 /* does-not-behave.mp3 in Resources */,
				AB5EC6F98C8845BD8DBD5EE0 /* dropped-spinner.mp3 in Resources */,
				5A4551AC54BA4E8FACD1140E /* electronic.mp3 in Resources */,
				39C247DC417E4977A9B11089 /* end-point-reached.mp3 in Resources */,
				1A53D47B247C4A4FAF9D0A54 /* error-3.mp3 in Resources */,
				31FE71F2A31D4661BC3F3033 /* et-voila.mp3 in Resources */,
				667123AB5C9348AC9426E723 /* fallbackring.ogg in Resources */,
				73250B06A1704B6896D32CC3 /* fallin.mp3 in Resources */,
				12ED783B695B428BA9E47285 /* fast-turnaround.mp3 in Resources */,
				6B3995BC963C47849680A205 /* finger-push.mp3 in Resources */,
				85DCBED05125495483FE6BA2 /* genuinely-interested.mp3 in Resources */,
				72770B1545D54D5FB8DA5507 /* gets-in-the-way.mp3 in Resources */,
				27FD0CF551F440DDAEE02659 /* good-morning.mp3 in Resources */,
				83D97F8C04AC41FD84DFE52F /* gummy-sweep.mp3 in Resources */,
				5E288D0331284E6FBA73A780 /* happy-ending.mp3 in Resources */,
				670C987173A1474FB4698898 /* hey-im-here-too.mp3 in Resources */,
				355B89ADCD1C436DAF527B11 /* hiccup.mp3 in Resources */,
				C8D2D4785FAF4DE297493319 /* inquisitiveness.mp3 in Resources */,
				3F0F53C8814F40F99D40E269 /* in-your-plate.mp3 in Resources */,
				3270E524E5C149E28496F799 /* i-saw-you.mp3 in Resources */,
				8812C371C26C49A6B9721C97 /* job-done.mp3 in Resources */,
				BCB44A888BFA46F3ADA29409 /* jubilation.mp3 in Resources */,
				2AC7E94E068D46A692B042C8 /* just-like-magic.mp3 in Resources */,
				2F9D3FCFA99847788423E0AB /* just-like-that.mp3 in Resources */,
				E6055E4AB3914AD18D240E6E /* knob.mp3 in Resources */,
				A84ADE26627D45ECA5960438 /* long-chime-sound.mp3 in Resources */,
				8514FCD039824BB89A679947 /* machine-poo.mp3 in Resources */,
				D74D7ECF53A24912AF28A228 /* may-i-have-your-attention.mp3 in Resources */,
				0F7D62E120C74A0CAA91BE62 /* me.mp3 in Resources */,
				9A896466BE0641A6AE863603 /* munchausen.mp3 in Resources */,
				DD65440F36B740168223A89B /* net.mp3 in Resources */,
				4423AA4890C24BD4A1FC1A2E /* no-trespassing.mp3 in Resources */,
				527E5643E953452786AA82B3 /* no-way.mp3 in Resources */,
				A3A136F94B8842CDA195CEAF /* oh-really.mp3 in Resources */,
				976793D08DF84358A1B257EE /* on-serious-matters.mp3 in Resources */,
				9F40A2B8A3D44FC5A3F2BA2A /* oringz-pack-nine-15.mp3 in Resources */,
				47274627FCA140F3BBBBB9C3 /* pedantic.mp3 in Resources */,
				2FECD97E6811441394BE6011 /* pizzicato.mp3 in Resources */,
				D3055E2C408A48EBB852E13F /* pluck.mp3 in Resources */,
				D61CC2B96B7742A49EF774D5 /* professionals.mp3 in Resources */,
				8297ADE811F2441097F00E6A /* pull-back.mp3 in Resources */,
				01AD37D14ED44F8588786DC6 /* put-down.mp3 in Resources */,
				C9F89C8D874D4E2F8927ADFB /* question-raised.mp3 in Resources */,
				C355CED467CA413E846B474B /* scissors.mp3 in Resources */,
				3E12305499D14DA78B022E92 /* see-im-smart.mp3 in Resources */,
				78BC58D2C31144079C9F4466 /* served.mp3 in Resources */,
				54F77A3DDAD241F5918B2A0E /* shut-your-mouth.mp3 in Resources */,
				9649A985F64D41F2842E3AA2 /* slap.mp3 in Resources */,
				C69212028DA045ECBA6CBCDB /* solemn.mp3 in Resources */,
				B848B88FBB9648CCBE8A4C9A /* strongly-attached.mp3 in Resources */,
				39954143746F435093769DF2 /* surprise-on-a-spring.mp3 in Resources */,
				AD95967B1FC94D2FB10ABACD /* swift.mp3 in Resources */,
				B6C455C6B01D47189279BE2B /* thats-a-no.mp3 in Resources */,
				E98E1A6668AE4CB189C47FF6 /* thats-nasty.mp3 in Resources */,
				7CFC9B6A1D2049B1B8B15234 /* the-squeaky-wheel-gets-the-grease.mp3 in Resources */,
				4262052249DE4CA6A16D5346 /* trained.mp3 in Resources */,
				4BEDF254E83D46BDB76162BE /* what.mp3 in Resources */,
				739F50D234E2481281D11E83 /* whatever.mp3 in Resources */,
				DE463559050841A4B922C1A9 /* will-you.mp3 in Resources */,
				85296A0800A24AE192F3F9B8 /* worthwhile.mp3 in Resources */,
				EF832194264347B9BF92838C /* yep.mp3 in Resources */,
				4D34F13EB5F044F3BD55448A /* you-know.mp3 in Resources */,
				D6DCDD17900A4A57AB3E4A07 /* your-turn.mp3 in Resources */,
				6F98CAFA7831419284C0BB03 /* you-wouldnt-believe.mp3 in Resources */,
			);
			runOnlyForDeploymentPostprocessing = 0;
		};
/* End PBXResourcesBuildPhase section */

/* Begin PBXShellScriptBuildPhase section */
		304B58A110DAC018002A0835 /* Copy www directory */ = {
			isa = PBXShellScriptBuildPhase;
			buildActionMask = 2147483647;
			files = (
			);
			inputPaths = (
			);
			name = "Copy www directory";
			outputPaths = (
			);
			runOnlyForDeploymentPostprocessing = 0;
			shellPath = /bin/sh;
			shellScript = "NODEJS_PATH=/usr/local/bin; NVM_NODE_PATH=~/.nvm/versions/node/`nvm version 2>/dev/null`/bin; N_NODE_PATH=`find /usr/local/n/versions/node/* -maxdepth 0 -type d 2>/dev/null | tail -1`/bin; XCODE_NODE_PATH=`xcode-select --print-path`/usr/share/xcs/Node/bin; PATH=$NODEJS_PATH:$NVM_NODE_PATH:$N_NODE_PATH:$XCODE_NODE_PATH:$PATH && node cordova/lib/copy-www-build-step.js";
			showEnvVarsInLog = 0;
		};
/* End PBXShellScriptBuildPhase section */

/* Begin PBXSourcesBuildPhase section */
		1D60588E0D05DD3D006BFB54 /* Sources */ = {
			isa = PBXSourcesBuildPhase;
			buildActionMask = 2147483647;
			files = (
				1D60589B0D05DD56006BFB54 /* main.m in Sources */,
				1D3623260D0F684500981E51 /* AppDelegate.m in Sources */,
				302D95F114D2391D003F00A1 /* MainViewController.m in Sources */,
				85EF14384C0E45A6AC8922CE /* AppDelegate+notification.m in Sources */,
				03C5334716BC4C97A11CAD69 /* PushPlugin.m in Sources */,
				957A2545F4F84FC085EC9E1A /* Flashlight.m in Sources */,
				97691F91BCCD406AB6DF94D8 /* CDVLocation.m in Sources */,
				E0857280CC984B2BBBB4485B /* SpinnerPlugin.m in Sources */,
				208808761ECC412AA7A4BFF4 /* MBProgressHUD.m in Sources */,
				DE95087010B2407985AB2FF5 /* CDVVibration.m in Sources */,
				F7DCE85ED5174BFC988738FB /* Calendar.m in Sources */,
			);
			runOnlyForDeploymentPostprocessing = 0;
		};
/* End PBXSourcesBuildPhase section */

/* Begin PBXTargetDependency section */
		301BF551109A68C00062928A /* PBXTargetDependency */ = {
			isa = PBXTargetDependency;
			name = CordovaLib;
			targetProxy = 301BF550109A68C00062928A /* PBXContainerItemProxy */;
		};
/* End PBXTargetDependency section */

/* Begin XCBuildConfiguration section */
		1D6058940D05DD3E006BFB54 /* Debug */ = {
			isa = XCBuildConfiguration;
			baseConfigurationReference = 3047A50F1AB8059700498E2A /* build-debug.xcconfig */;
			buildSettings = {
				ALWAYS_SEARCH_USER_PATHS = NO;
				ASSETCATALOG_COMPILER_APPICON_NAME = AppIcon;
				ASSETCATALOG_COMPILER_LAUNCHIMAGE_NAME = LaunchImage;
				CLANG_ENABLE_MODULES = YES;
				CLANG_ENABLE_OBJC_ARC = YES;
				COPY_PHASE_STRIP = NO;
				GCC_DYNAMIC_NO_PIC = NO;
				GCC_OPTIMIZATION_LEVEL = 0;
				GCC_PRECOMPILE_PREFIX_HEADER = YES;
				GCC_PREFIX_HEADER = "Timeweb Monitor/Timeweb Monitor-Prefix.pch";
				GCC_THUMB_SUPPORT = NO;
				GCC_VERSION = "";
				INFOPLIST_FILE = "Timeweb Monitor/Timeweb Monitor-Info.plist";
				LD_RUNPATH_SEARCH_PATHS = "@executable_path/Frameworks";
				PRODUCT_NAME = "Timeweb Monitor";
				TARGETED_DEVICE_FAMILY = "1,2";
			};
			name = Debug;
		};
		1D6058950D05DD3E006BFB54 /* Release */ = {
			isa = XCBuildConfiguration;
			baseConfigurationReference = 3047A5101AB8059700498E2A /* build-release.xcconfig */;
			buildSettings = {
				ALWAYS_SEARCH_USER_PATHS = NO;
				ASSETCATALOG_COMPILER_APPICON_NAME = AppIcon;
				ASSETCATALOG_COMPILER_LAUNCHIMAGE_NAME = LaunchImage;
				CLANG_ENABLE_MODULES = YES;
				CLANG_ENABLE_OBJC_ARC = YES;
				COPY_PHASE_STRIP = YES;
				GCC_PRECOMPILE_PREFIX_HEADER = YES;
				GCC_PREFIX_HEADER = "Timeweb Monitor/Timeweb Monitor-Prefix.pch";
				GCC_THUMB_SUPPORT = NO;
				GCC_VERSION = "";
				INFOPLIST_FILE = "Timeweb Monitor/Timeweb Monitor-Info.plist";
				PRODUCT_NAME = "Timeweb Monitor";
				TARGETED_DEVICE_FAMILY = "1,2";
			};
			name = Release;
		};
		C01FCF4F08A954540054247B /* Debug */ = {
			isa = XCBuildConfiguration;
			baseConfigurationReference = 3047A5111AB8059700498E2A /* build.xcconfig */;
			buildSettings = {
				CLANG_ENABLE_MODULES = YES;
				CLANG_ENABLE_OBJC_ARC = YES;
				CLANG_WARN_BOOL_CONVERSION = YES;
				CLANG_WARN_CONSTANT_CONVERSION = YES;
				CLANG_WARN_EMPTY_BODY = YES;
				CLANG_WARN_ENUM_CONVERSION = YES;
				CLANG_WARN_INT_CONVERSION = YES;
				CLANG_WARN__DUPLICATE_METHOD_MATCH = YES;
				GCC_C_LANGUAGE_STANDARD = c99;
				GCC_THUMB_SUPPORT = NO;
				GCC_VERSION = "";
				GCC_WARN_ABOUT_RETURN_TYPE = YES;
				GCC_WARN_UNDECLARED_SELECTOR = YES;
				GCC_WARN_UNINITIALIZED_AUTOS = YES;
				GCC_WARN_UNUSED_FUNCTION = YES;
				GCC_WARN_UNUSED_VARIABLE = YES;
				ONLY_ACTIVE_ARCH = YES;
				SDKROOT = iphoneos;
				SKIP_INSTALL = NO;
				TARGETED_DEVICE_FAMILY = "1,2";
				PRODUCT_NAME = "Timeweb Monitor";
			};
			name = Debug;
		};
		C01FCF5008A954540054247B /* Release */ = {
			isa = XCBuildConfiguration;
			baseConfigurationReference = 3047A5111AB8059700498E2A /* build.xcconfig */;
			buildSettings = {
				CLANG_ENABLE_MODULES = YES;
				CLANG_ENABLE_OBJC_ARC = YES;
				CLANG_WARN_BOOL_CONVERSION = YES;
				CLANG_WARN_CONSTANT_CONVERSION = YES;
				CLANG_WARN_EMPTY_BODY = YES;
				CLANG_WARN_ENUM_CONVERSION = YES;
				CLANG_WARN_INT_CONVERSION = YES;
				CLANG_WARN__DUPLICATE_METHOD_MATCH = YES;
				GCC_C_LANGUAGE_STANDARD = c99;
				GCC_THUMB_SUPPORT = NO;
				GCC_VERSION = "";
				GCC_WARN_ABOUT_RETURN_TYPE = YES;
				GCC_WARN_UNDECLARED_SELECTOR = YES;
				GCC_WARN_UNINITIALIZED_AUTOS = YES;
				GCC_WARN_UNUSED_FUNCTION = YES;
				GCC_WARN_UNUSED_VARIABLE = YES;
				SDKROOT = iphoneos;
				SKIP_INSTALL = NO;
				TARGETED_DEVICE_FAMILY = "1,2";
				PRODUCT_NAME = "Timeweb Monitor";
			};
			name = Release;
		};
/* End XCBuildConfiguration section */

/* Begin XCConfigurationList section */
		1D6058960D05DD3E006BFB54 /* Build configuration list for PBXNativeTarget "Timeweb Monitor" */ = {
			isa = XCConfigurationList;
			buildConfigurations = (
				1D6058940D05DD3E006BFB54 /* Debug */,
				1D6058950D05DD3E006BFB54 /* Release */,
			);
			defaultConfigurationIsVisible = 0;
			defaultConfigurationName = Release;
		};
		C01FCF4E08A954540054247B /* Build configuration list for PBXProject "__NON-CLI__" */ = {
			isa = XCConfigurationList;
			buildConfigurations = (
				C01FCF4F08A954540054247B /* Debug */,
				C01FCF5008A954540054247B /* Release */,
			);
			defaultConfigurationIsVisible = 0;
			defaultConfigurationName = Release;
		};
/* End XCConfigurationList section */
	};
	rootObject = 29B97313FDCFA39411CA2CEA /* Project object */;
}
