// !$*UTF8*$!
{
	archiveVersion = 1;
	classes = {
	};
	objectVersion = 46;
	objects = {

/* Begin PBXBuildFile section */
		019DD900C11242998A66B86E /* gets-in-the-way.mp3 in Resources */ = {isa = PBXBuildFile; fileRef = 829DB143C9274210BF86D41E /* gets-in-the-way.mp3 */; };
		0207DA581B56EA530066E2B4 /* Images.xcassets in Resources */ = {isa = PBXBuildFile; fileRef = 0207DA571B56EA530066E2B4 /* Images.xcassets */; };
		0269E84B6B2F46BAA619810A /* awareness.mp3 in Resources */ = {isa = PBXBuildFile; fileRef = 7BC49AB86EA146BDA464F5ED /* awareness.mp3 */; };
		0537CAD156654394A9379A89 /* the-squeaky-wheel-gets-the-grease.mp3 in Resources */ = {isa = PBXBuildFile; fileRef = C2B1EE3397B14FA18CE03DC4 /* the-squeaky-wheel-gets-the-grease.mp3 */; };
		0AC2C8AF60EA46C88F15E9A4 /* oh-really.mp3 in Resources */ = {isa = PBXBuildFile; fileRef = 00A65CBBB72F4635993A5A22 /* oh-really.mp3 */; };
		0AD07AC0D7AD4189B2E02668 /* pedantic.mp3 in Resources */ = {isa = PBXBuildFile; fileRef = 0A021B7B60944C3EB72A9569 /* pedantic.mp3 */; };
		0BD63B8E092645DF8C37CA1E /* you-know.mp3 in Resources */ = {isa = PBXBuildFile; fileRef = 928A0D0BBF9E4525B5E77C6B /* you-know.mp3 */; };
		175BF40BBA144F36BB692424 /* no-trespassing.mp3 in Resources */ = {isa = PBXBuildFile; fileRef = AF7103A7728F48C39CC7012D /* no-trespassing.mp3 */; };
		193F6DAECA634F45A1D61F52 /* AppDelegate+notification.m in Sources */ = {isa = PBXBuildFile; fileRef = 3353ADEB5F1B4555BE53E8CA /* AppDelegate+notification.m */; };
		19D7E18412EB447B81DB151E /* communication-channel.mp3 in Resources */ = {isa = PBXBuildFile; fileRef = 38F4C03FB7BC4A249FF91045 /* communication-channel.mp3 */; };
		1D3623260D0F684500981E51 /* AppDelegate.m in Sources */ = {isa = PBXBuildFile; fileRef = 1D3623250D0F684500981E51 /* AppDelegate.m */; };
		1D60589B0D05DD56006BFB54 /* main.m in Sources */ = {isa = PBXBuildFile; fileRef = 29B97316FDCFA39411CA2CEA /* main.m */; };
		1FD0ADFE2D6D4E58999F6185 /* braking.mp3 in Resources */ = {isa = PBXBuildFile; fileRef = 786FB49DC59A4A24B9E0253A /* braking.mp3 */; };
		2088B3F91DB246BCB207A335 /* cyberincident.mp3 in Resources */ = {isa = PBXBuildFile; fileRef = 38E09BF4439541A48E749988 /* cyberincident.mp3 */; };
		2398A943FD0F474891347D54 /* served.mp3 in Resources */ = {isa = PBXBuildFile; fileRef = A58D868160D04798A4EFBF5A /* served.mp3 */; };
		26007216EA9D4414A72DF69C /* hey-im-here-too.mp3 in Resources */ = {isa = PBXBuildFile; fileRef = FA0E83A79DFF45EEBA366A9E /* hey-im-here-too.mp3 */; };
		2782D94C91674A6FBDAE9D72 /* does-not-behave.mp3 in Resources */ = {isa = PBXBuildFile; fileRef = A644F7AEA6A14EA4A3D04F1D /* does-not-behave.mp3 */; };
		2D7E1B8E4CC040A19C411DDE /* your-turn.mp3 in Resources */ = {isa = PBXBuildFile; fileRef = 363F507E495546E79D80C7A1 /* your-turn.mp3 */; };
		2E49B5C1B54D4278AF4E4DC3 /* attracted.mp3 in Resources */ = {isa = PBXBuildFile; fileRef = 22D06E4984C84953ADFB05AD /* attracted.mp3 */; };
		301BF552109A68D80062928A /* libCordova.a in Frameworks */ = {isa = PBXBuildFile; fileRef = 301BF535109A57CC0062928A /* libCordova.a */; };
		302D95F114D2391D003F00A1 /* MainViewController.m in Sources */ = {isa = PBXBuildFile; fileRef = 302D95EF14D2391D003F00A1 /* MainViewController.m */; };
		302D95F214D2391D003F00A1 /* MainViewController.xib in Resources */ = {isa = PBXBuildFile; fileRef = 302D95F014D2391D003F00A1 /* MainViewController.xib */; };
		3047A5121AB8059700498E2A /* build-debug.xcconfig in Resources */ = {isa = PBXBuildFile; fileRef = 3047A50F1AB8059700498E2A /* build-debug.xcconfig */; };
		3047A5131AB8059700498E2A /* build-release.xcconfig in Resources */ = {isa = PBXBuildFile; fileRef = 3047A5101AB8059700498E2A /* build-release.xcconfig */; };
		3047A5141AB8059700498E2A /* build.xcconfig in Resources */ = {isa = PBXBuildFile; fileRef = 3047A5111AB8059700498E2A /* build.xcconfig */; };
		32C8DFAD88DE4CA78617CBAD /* error-3.mp3 in Resources */ = {isa = PBXBuildFile; fileRef = A9CCED828C8841ADBC6E722C /* error-3.mp3 */; };
		35CF7123F23B4175B0AE6192 /* PushPlugin.m in Sources */ = {isa = PBXBuildFile; fileRef = D28296D2E14E4AFDBE9783B0 /* PushPlugin.m */; };
		35FD772F4C88491EAF43D186 /* i-saw-you.mp3 in Resources */ = {isa = PBXBuildFile; fileRef = BC5465E1BC45446F8C5BC408 /* i-saw-you.mp3 */; };
		36C4884D029C4F138EEFDE0F /* inquisitiveness.mp3 in Resources */ = {isa = PBXBuildFile; fileRef = C68D559A62F64A5B9F24982B /* inquisitiveness.mp3 */; };
		37FFDCAB0487422E8899F156 /* me.mp3 in Resources */ = {isa = PBXBuildFile; fileRef = F61A37BE3AC74EC990B8DC22 /* me.mp3 */; };
		3BDB39B43AC04FE698765092 /* hiccup.mp3 in Resources */ = {isa = PBXBuildFile; fileRef = 7B5DA330990D47609F9A0F37 /* hiccup.mp3 */; };
		3F1505FC8B924A128969B54C /* just-like-that.mp3 in Resources */ = {isa = PBXBuildFile; fileRef = 8B8B6CED9DB4424BB4C2E84B /* just-like-that.mp3 */; };
		40DD48E8D12E46D8A0789B06 /* pull-back.mp3 in Resources */ = {isa = PBXBuildFile; fileRef = 80DE83EBF12E48F4941755AB /* pull-back.mp3 */; };
		422BC5FBFBEA4C98A3B820F0 /* electronic.mp3 in Resources */ = {isa = PBXBuildFile; fileRef = 091508591DCB466293034583 /* electronic.mp3 */; };
		45760F9123E34CE2871D0EDC /* whatever.mp3 in Resources */ = {isa = PBXBuildFile; fileRef = 3E2CC94C568841DEA878B78C /* whatever.mp3 */; };
		46A95822CBF9496E9602DEAE /* fallbackring.ogg in Resources */ = {isa = PBXBuildFile; fileRef = D202AF46476D48029E03D525 /* fallbackring.ogg */; };
		4832A1BD618B4DCABC1DEEF2 /* jubilation.mp3 in Resources */ = {isa = PBXBuildFile; fileRef = 13612B0038F24FBC86D16F0B /* jubilation.mp3 */; };
		485CB25288E1498C957AE246 /* net.mp3 in Resources */ = {isa = PBXBuildFile; fileRef = 3A09267CF1734A7D89CE38DC /* net.mp3 */; };
		486A5F09CAAA499DBD75ABF3 /* good-morning.mp3 in Resources */ = {isa = PBXBuildFile; fileRef = 71C85AE2550747949108FF8D /* good-morning.mp3 */; };
		4EF9D55ADF1A404A9F03C1C8 /* thats-a-no.mp3 in Resources */ = {isa = PBXBuildFile; fileRef = 858F475B29854F50A1901D60 /* thats-a-no.mp3 */; };
		5150C6F482C14145B4AD6271 /* closed.mp3 in Resources */ = {isa = PBXBuildFile; fileRef = 0433D18B462C4377ACB23BFC /* closed.mp3 */; };
		52E4181DC0F745CEA40ECC69 /* MBProgressHUD.m in Sources */ = {isa = PBXBuildFile; fileRef = C036267198384AE98614C4D4 /* MBProgressHUD.m */; };
		53143FC50E2E4D8BBD35196F /* CoreLocation.framework in Frameworks */ = {isa = PBXBuildFile; fileRef = 9DE06A6B57E9403489E56993 /* CoreLocation.framework */; };
		5568DB2C2716432FB02F7817 /* oringz-pack-nine-15.mp3 in Resources */ = {isa = PBXBuildFile; fileRef = C65AF2738DE84A7DB63807BD /* oringz-pack-nine-15.mp3 */; };
		584B8708DC064ECDB4207A4C /* thats-nasty.mp3 in Resources */ = {isa = PBXBuildFile; fileRef = 51C4DBE8545847338AE06855 /* thats-nasty.mp3 */; };
		5DAAE09521264525A68AE1EC /* professionals.mp3 in Resources */ = {isa = PBXBuildFile; fileRef = 256CABF074754F748FE6FE1A /* professionals.mp3 */; };
		5DAB742F227F43C5956499AF /* SpinnerPlugin.m in Sources */ = {isa = PBXBuildFile; fileRef = 4DD6367065F84E5DB763A4B0 /* SpinnerPlugin.m */; };
		63CDEAEA43B24F69B9CCAB62 /* gummy-sweep.mp3 in Resources */ = {isa = PBXBuildFile; fileRef = B6754CC3975A43F3A025A4DF /* gummy-sweep.mp3 */; };
		64544AB5F348440BA39152AA /* et-voila.mp3 in Resources */ = {isa = PBXBuildFile; fileRef = F519E812A69348A48EF34C88 /* et-voila.mp3 */; };
		6834C41872D04492ADFE5967 /* end-point-reached.mp3 in Resources */ = {isa = PBXBuildFile; fileRef = 3EE338AC9AFA49309A104D9E /* end-point-reached.mp3 */; };
		68762414CD0A48B083B0E1E5 /* what.mp3 in Resources */ = {isa = PBXBuildFile; fileRef = 792B5873EF9F485283C59C01 /* what.mp3 */; };
		71CC793B94CF47B1B5B566DA /* come-to-daddy.mp3 in Resources */ = {isa = PBXBuildFile; fileRef = CFABE5F79D0540F5B3A8CDC4 /* come-to-daddy.mp3 */; };
		73D4494FC1F8451EBEA0658F /* trained.mp3 in Resources */ = {isa = PBXBuildFile; fileRef = 691CB6F3B8C649A29324E8A3 /* trained.mp3 */; };
		76FC9CD2E7834A83A6FC8F69 /* dropped-spinner.mp3 in Resources */ = {isa = PBXBuildFile; fileRef = D167A9CB4DC84507A05D9917 /* dropped-spinner.mp3 */; };
		77054627E56C438ABEBB812F /* just-like-magic.mp3 in Resources */ = {isa = PBXBuildFile; fileRef = A7017EF2B2AF47D79AB1C92B /* just-like-magic.mp3 */; };
		7BA56A6CFD2C472C81C51F09 /* credulous.mp3 in Resources */ = {isa = PBXBuildFile; fileRef = DC0C375F296149399767B8F2 /* credulous.mp3 */; };
		7C85D6A3F20442EF809BDD27 /* may-i-have-your-attention.mp3 in Resources */ = {isa = PBXBuildFile; fileRef = BA0B3DD421C3419EAB29557E /* may-i-have-your-attention.mp3 */; };
		7E82BA9111A1430484243542 /* happy-ending.mp3 in Resources */ = {isa = PBXBuildFile; fileRef = F739793C87FB4ECEA508F113 /* happy-ending.mp3 */; };
		803BA83C16E24667A61D1F33 /* you-wouldnt-believe.mp3 in Resources */ = {isa = PBXBuildFile; fileRef = 3D7BC7F6834F424CB078C4DD /* you-wouldnt-believe.mp3 */; };
		806D82F83514464BA254E366 /* abduction.mp3 in Resources */ = {isa = PBXBuildFile; fileRef = 2AC7A8D3D56B4540BE6A7FC3 /* abduction.mp3 */; };
		8B6D60787F674ED2B5CE455D /* pizzicato.mp3 in Resources */ = {isa = PBXBuildFile; fileRef = B0075F0552134B5E8C1CB1BD /* pizzicato.mp3 */; };
		8FF61874930E4E3085BDA3B8 /* AudioToolbox.framework in Frameworks */ = {isa = PBXBuildFile; fileRef = 755678EC200345FD8FF8D53B /* AudioToolbox.framework */; settings = {ATTRIBUTES = (Weak, ); }; };
		9353FCC2ADA9408E899AED17 /* a-taste-of-the-whip.mp3 in Resources */ = {isa = PBXBuildFile; fileRef = 9A3ECF1048DE4BD592B4D081 /* a-taste-of-the-whip.mp3 */; };
		98D96918A71E40588449C988 /* shut-your-mouth.mp3 in Resources */ = {isa = PBXBuildFile; fileRef = FEBCBF18FAD34B6EA87F2E6C /* shut-your-mouth.mp3 */; };
		9AFA17E1B9BC449485E8F1E7 /* blocker.mp3 in Resources */ = {isa = PBXBuildFile; fileRef = F23716756DBD430AACAFC45A /* blocker.mp3 */; };
		9F2EF3237B9A46C3BF68F666 /* ache.mp3 in Resources */ = {isa = PBXBuildFile; fileRef = 06E3648626F14BFD922E0D83 /* ache.mp3 */; };
		A246FF3EA3B3473D9060AA2C /* chafing.mp3 in Resources */ = {isa = PBXBuildFile; fileRef = B1D24B0F4C744353B3010D81 /* chafing.mp3 */; };
		A48E7A6B09B347E49F6B3685 /* fallin.mp3 in Resources */ = {isa = PBXBuildFile; fileRef = B22AFF9ACAB74009A7635494 /* fallin.mp3 */; };
		A669ED1693234FC88794A407 /* long-chime-sound.mp3 in Resources */ = {isa = PBXBuildFile; fileRef = F7EDD9A898CE480A9D0756FD /* long-chime-sound.mp3 */; };
		A6B33B0502BE47FEB2198504 /* worthwhile.mp3 in Resources */ = {isa = PBXBuildFile; fileRef = CA077AD90BF04A2AAA3BCEF7 /* worthwhile.mp3 */; };
		A7D61985EC7440C9BBC9AC32 /* croak.mp3 in Resources */ = {isa = PBXBuildFile; fileRef = DEF1503817654985AD0232FC /* croak.mp3 */; };
		A99523074A874D0FABB54FA9 /* argh-my-eyes.mp3 in Resources */ = {isa = PBXBuildFile; fileRef = 36C0D584080D48C79AFB86B7 /* argh-my-eyes.mp3 */; };
		AE04B59BFCCB4C6BAF9B6F23 /* question-raised.mp3 in Resources */ = {isa = PBXBuildFile; fileRef = 9F9768D1F8B7483EB21553FD /* question-raised.mp3 */; };
		B0F90B20FCC44561A1E58BB2 /* genuinely-interested.mp3 in Resources */ = {isa = PBXBuildFile; fileRef = 10403DC66560470CBF238226 /* genuinely-interested.mp3 */; };
		B525BC19FE84465BA3D89FBD /* put-down.mp3 in Resources */ = {isa = PBXBuildFile; fileRef = 2B61C3613B76423BA18FC182 /* put-down.mp3 */; };
		B55D7AE9797840BBB12FA147 /* strongly-attached.mp3 in Resources */ = {isa = PBXBuildFile; fileRef = BA56665879864DF8ABA46506 /* strongly-attached.mp3 */; };
		B66D232A251D475D9F32F48C /* munchausen.mp3 in Resources */ = {isa = PBXBuildFile; fileRef = 75D35F1EA4664239A9EF9636 /* munchausen.mp3 */; };
		B8DE36BE1500413AB5F7BD2D /* machine-poo.mp3 in Resources */ = {isa = PBXBuildFile; fileRef = ED21440497474D8D989A9106 /* machine-poo.mp3 */; };
		BA18402010FD4B4A9E3F0393 /* are-you-kidding.mp3 in Resources */ = {isa = PBXBuildFile; fileRef = 7372AAE32BC844199CF3DDD9 /* are-you-kidding.mp3 */; };
		BAC08BB768434E049BB4E8AA /* a-ha-moment.mp3 in Resources */ = {isa = PBXBuildFile; fileRef = AD8D89E5515D4F559A08C295 /* a-ha-moment.mp3 */; };
		BE41B0C3377E491581D30FD4 /* cable-unplugged.mp3 in Resources */ = {isa = PBXBuildFile; fileRef = 1D7A5146723B4C5E943DE8F3 /* cable-unplugged.mp3 */; };
		BF69A7FE435643C7836F38D4 /* in-your-plate.mp3 in Resources */ = {isa = PBXBuildFile; fileRef = 3D4D7C6EE1E34FD18C6F3FA4 /* in-your-plate.mp3 */; };
		C06DD6E1EA174C4398EE15DB /* no-way.mp3 in Resources */ = {isa = PBXBuildFile; fileRef = DACE5FCBF27E493DA8164BF1 /* no-way.mp3 */; };
		C13CBE4F7DB642FA90468B0E /* Calendar.m in Sources */ = {isa = PBXBuildFile; fileRef = 8B3602504AC6436A996E6F1E /* Calendar.m */; };
		C382873DC7804DF9852401DE /* Flashlight.m in Sources */ = {isa = PBXBuildFile; fileRef = 0B7222A5FD2C4472A10D9BB5 /* Flashlight.m */; };
		C7E7FCA0BA5948A4BB22D9BD /* all-of-a-sudden.mp3 in Resources */ = {isa = PBXBuildFile; fileRef = 7E136F9C5CFC4FAD9553F583 /* all-of-a-sudden.mp3 */; };
		C8954550780E4E6199C246C7 /* knob.mp3 in Resources */ = {isa = PBXBuildFile; fileRef = 9850EDDF5D394F958B7A964F /* knob.mp3 */; };
		CE25D04E42A048B58D0CF96D /* CDVLocation.m in Sources */ = {isa = PBXBuildFile; fileRef = 2D03113EC405451C946391DB /* CDVLocation.m */; };
		CE80DDD1B8AD4D04BC68EF80 /* slap.mp3 in Resources */ = {isa = PBXBuildFile; fileRef = 296B9167725B48B892A12E11 /* slap.mp3 */; };
		D204B1BAF8B345519B9BCAA8 /* see-im-smart.mp3 in Resources */ = {isa = PBXBuildFile; fileRef = FCFBC844E8A541E0AD117546 /* see-im-smart.mp3 */; };
		D334E8C93CDB424C8A9F2955 /* solemn.mp3 in Resources */ = {isa = PBXBuildFile; fileRef = DB7F92B8C0EE4085BB279F26 /* solemn.mp3 */; };
		D365990E0396495CABF8F983 /* decay.mp3 in Resources */ = {isa = PBXBuildFile; fileRef = C3533798A65F42689467B3B8 /* decay.mp3 */; };
		D3861F8F6C10446E88A70635 /* EventKit.framework in Frameworks */ = {isa = PBXBuildFile; fileRef = C222E08F228C40209C6C4094 /* EventKit.framework */; };
		D8455996E6574DEA95F5D975 /* coins.mp3 in Resources */ = {isa = PBXBuildFile; fileRef = CFEB4237DED54E3F8B739A7F /* coins.mp3 */; };
		D8D737F4CC4340279964F2F6 /* swift.mp3 in Resources */ = {isa = PBXBuildFile; fileRef = 12D46305E21F44FD9AE61B03 /* swift.mp3 */; };
		E0F3DB00D2344D07BE076F62 /* on-serious-matters.mp3 in Resources */ = {isa = PBXBuildFile; fileRef = 08153F6752BA498A9C987237 /* on-serious-matters.mp3 */; };
		E13A8ED4123B48FDA8810A6E /* pluck.mp3 in Resources */ = {isa = PBXBuildFile; fileRef = 87578FD82F8945459253ED37 /* pluck.mp3 */; };
		E2501CE082264D03A3072D4A /* yep.mp3 in Resources */ = {isa = PBXBuildFile; fileRef = 700544C6D40B4E4FA2818EE6 /* yep.mp3 */; };
		E2C40E2FF82F4971AAF58DCC /* surprise-on-a-spring.mp3 in Resources */ = {isa = PBXBuildFile; fileRef = 4E3CF6F3F737429A9D98AA00 /* surprise-on-a-spring.mp3 */; };
		EDA4AA8742FE4353A8099A11 /* cause-and-effect.mp3 in Resources */ = {isa = PBXBuildFile; fileRef = B9B90FA2FE4D44F4B2FBF946 /* cause-and-effect.mp3 */; };
		EF72DC02E28342AAAE0FA2BF /* EventKitUI.framework in Frameworks */ = {isa = PBXBuildFile; fileRef = 4176AE3BA44848FC962F7191 /* EventKitUI.framework */; };
		F02BF97E5CDD49DB9A9FAAB0 /* code.mp3 in Resources */ = {isa = PBXBuildFile; fileRef = FBE6DEF5C0844436860AA4E0 /* code.mp3 */; };
		F0B1DD8D4D8E4A77BA641E3D /* will-you.mp3 in Resources */ = {isa = PBXBuildFile; fileRef = 0D02C9B58DD74FA49DE4C7ED /* will-you.mp3 */; };
		F0B615A1F26E48EEBA7357EE /* finger-push.mp3 in Resources */ = {isa = PBXBuildFile; fileRef = BAE596C8C6F54B15A624D31C /* finger-push.mp3 */; };
		F57D5006A9954EE9A63DF52B /* base.mp3 in Resources */ = {isa = PBXBuildFile; fileRef = 39B7AA86B901453A8FB152FA /* base.mp3 */; };
		F7BB84D29BDD43B5971944D4 /* CDVVibration.m in Sources */ = {isa = PBXBuildFile; fileRef = C8B1D48AE1574EB39D9FEB06 /* CDVVibration.m */; };
		F99974B3036643158C90CA76 /* fast-turnaround.mp3 in Resources */ = {isa = PBXBuildFile; fileRef = 3125061F52EC4FDFA0213EFF /* fast-turnaround.mp3 */; };
		FE9D05A40A8C406D84D6DC75 /* scissors.mp3 in Resources */ = {isa = PBXBuildFile; fileRef = F68BD3ED0EEA49D8A8AF25B4 /* scissors.mp3 */; };
		FF64B3BF99F24F0483A3B9D3 /* job-done.mp3 in Resources */ = {isa = PBXBuildFile; fileRef = BDF0681CCBDA4C47AA76D217 /* job-done.mp3 */; };
/* End PBXBuildFile section */

/* Begin PBXContainerItemProxy section */
		301BF534109A57CC0062928A /* PBXContainerItemProxy */ = {
			isa = PBXContainerItemProxy;
			containerPortal = 301BF52D109A57CC0062928A /* CordovaLib.xcodeproj */;
			proxyType = 2;
			remoteGlobalIDString = D2AAC07E0554694100DB518D;
			remoteInfo = CordovaLib;
		};
		301BF550109A68C00062928A /* PBXContainerItemProxy */ = {
			isa = PBXContainerItemProxy;
			containerPortal = 301BF52D109A57CC0062928A /* CordovaLib.xcodeproj */;
			proxyType = 1;
			remoteGlobalIDString = D2AAC07D0554694100DB518D;
			remoteInfo = CordovaLib;
		};
/* End PBXContainerItemProxy section */

/* Begin PBXFileReference section */
		00A65CBBB72F4635993A5A22 /* oh-really.mp3 */ = {isa = PBXFileReference; explicitFileType = undefined; fileEncoding = 9; includeInIndex = 0; lastKnownFileType = unknown; path = "oh-really.mp3"; sourceTree = "<group>"; };
		0207DA571B56EA530066E2B4 /* Images.xcassets */ = {isa = PBXFileReference; lastKnownFileType = folder.assetcatalog; name = Images.xcassets; path = "Timeweb Monitor/Images.xcassets"; sourceTree = SOURCE_ROOT; };
		0433D18B462C4377ACB23BFC /* closed.mp3 */ = {isa = PBXFileReference; explicitFileType = undefined; fileEncoding = 9; includeInIndex = 0; lastKnownFileType = unknown; path = closed.mp3; sourceTree = "<group>"; };
		06E3648626F14BFD922E0D83 /* ache.mp3 */ = {isa = PBXFileReference; explicitFileType = undefined; fileEncoding = 9; includeInIndex = 0; lastKnownFileType = unknown; path = ache.mp3; sourceTree = "<group>"; };
		08153F6752BA498A9C987237 /* on-serious-matters.mp3 */ = {isa = PBXFileReference; explicitFileType = undefined; fileEncoding = 9; includeInIndex = 0; lastKnownFileType = unknown; path = "on-serious-matters.mp3"; sourceTree = "<group>"; };
		091508591DCB466293034583 /* electronic.mp3 */ = {isa = PBXFileReference; explicitFileType = undefined; fileEncoding = 9; includeInIndex = 0; lastKnownFileType = unknown; path = electronic.mp3; sourceTree = "<group>"; };
		0A021B7B60944C3EB72A9569 /* pedantic.mp3 */ = {isa = PBXFileReference; explicitFileType = undefined; fileEncoding = 9; includeInIndex = 0; lastKnownFileType = unknown; path = pedantic.mp3; sourceTree = "<group>"; };
		0B7222A5FD2C4472A10D9BB5 /* Flashlight.m */ = {isa = PBXFileReference; explicitFileType = undefined; fileEncoding = 4; includeInIndex = 0; lastKnownFileType = sourcecode.c.objc; name = Flashlight.m; path = "cordova-plugin-flashlight/Flashlight.m"; sourceTree = "<group>"; };
		0D02C9B58DD74FA49DE4C7ED /* will-you.mp3 */ = {isa = PBXFileReference; explicitFileType = undefined; fileEncoding = 9; includeInIndex = 0; lastKnownFileType = unknown; path = "will-you.mp3"; sourceTree = "<group>"; };
		0D11F2337B0A492B85C1E030 /* AppDelegate+notification.h */ = {isa = PBXFileReference; explicitFileType = undefined; fileEncoding = 4; includeInIndex = 0; lastKnownFileType = sourcecode.c.h; name = "AppDelegate+notification.h"; path = "com.phonegap.plugins.Puship/AppDelegate+notification.h"; sourceTree = "<group>"; };
		10403DC66560470CBF238226 /* genuinely-interested.mp3 */ = {isa = PBXFileReference; explicitFileType = undefined; fileEncoding = 9; includeInIndex = 0; lastKnownFileType = unknown; path = "genuinely-interested.mp3"; sourceTree = "<group>"; };
		12D46305E21F44FD9AE61B03 /* swift.mp3 */ = {isa = PBXFileReference; explicitFileType = undefined; fileEncoding = 9; includeInIndex = 0; lastKnownFileType = unknown; path = swift.mp3; sourceTree = "<group>"; };
		13612B0038F24FBC86D16F0B /* jubilation.mp3 */ = {isa = PBXFileReference; explicitFileType = undefined; fileEncoding = 9; includeInIndex = 0; lastKnownFileType = unknown; path = jubilation.mp3; sourceTree = "<group>"; };
		14AC054D65DF4683BDD94AF4 /* Calendar.h */ = {isa = PBXFileReference; explicitFileType = undefined; fileEncoding = 4; includeInIndex = 0; lastKnownFileType = sourcecode.c.h; name = Calendar.h; path = "cordova-plugin-calendar/Calendar.h"; sourceTree = "<group>"; };
		16FD1A25CF2146A085D8F478 /* PushPlugin.h */ = {isa = PBXFileReference; explicitFileType = undefined; fileEncoding = 4; includeInIndex = 0; lastKnownFileType = sourcecode.c.h; name = PushPlugin.h; path = com.phonegap.plugins.Puship/PushPlugin.h; sourceTree = "<group>"; };
		1D3623240D0F684500981E51 /* AppDelegate.h */ = {isa = PBXFileReference; fileEncoding = 4; lastKnownFileType = sourcecode.c.h; path = AppDelegate.h; sourceTree = "<group>"; };
		1D3623250D0F684500981E51 /* AppDelegate.m */ = {isa = PBXFileReference; fileEncoding = 4; lastKnownFileType = sourcecode.c.objc; path = AppDelegate.m; sourceTree = "<group>"; };
		1D6058910D05DD3D006BFB54 /* Timeweb Monitor.app */ = {isa = PBXFileReference; explicitFileType = wrapper.application; includeInIndex = 0; path = "Timeweb Monitor.app"; sourceTree = BUILT_PRODUCTS_DIR; };
		1D7A5146723B4C5E943DE8F3 /* cable-unplugged.mp3 */ = {isa = PBXFileReference; explicitFileType = undefined; fileEncoding = 9; includeInIndex = 0; lastKnownFileType = unknown; path = "cable-unplugged.mp3"; sourceTree = "<group>"; };
		22D06E4984C84953ADFB05AD /* attracted.mp3 */ = {isa = PBXFileReference; explicitFileType = undefined; fileEncoding = 9; includeInIndex = 0; lastKnownFileType = unknown; path = attracted.mp3; sourceTree = "<group>"; };
		256CABF074754F748FE6FE1A /* professionals.mp3 */ = {isa = PBXFileReference; explicitFileType = undefined; fileEncoding = 9; includeInIndex = 0; lastKnownFileType = unknown; path = professionals.mp3; sourceTree = "<group>"; };
		296B9167725B48B892A12E11 /* slap.mp3 */ = {isa = PBXFileReference; explicitFileType = undefined; fileEncoding = 9; includeInIndex = 0; lastKnownFileType = unknown; path = slap.mp3; sourceTree = "<group>"; };
		29B97316FDCFA39411CA2CEA /* main.m */ = {isa = PBXFileReference; fileEncoding = 4; lastKnownFileType = sourcecode.c.objc; path = main.m; sourceTree = "<group>"; };
		2AC7A8D3D56B4540BE6A7FC3 /* abduction.mp3 */ = {isa = PBXFileReference; explicitFileType = undefined; fileEncoding = 9; includeInIndex = 0; lastKnownFileType = unknown; path = abduction.mp3; sourceTree = "<group>"; };
		2B61C3613B76423BA18FC182 /* put-down.mp3 */ = {isa = PBXFileReference; explicitFileType = undefined; fileEncoding = 9; includeInIndex = 0; lastKnownFileType = unknown; path = "put-down.mp3"; sourceTree = "<group>"; };
		2D03113EC405451C946391DB /* CDVLocation.m */ = {isa = PBXFileReference; explicitFileType = undefined; fileEncoding = 4; includeInIndex = 0; lastKnownFileType = sourcecode.c.objc; name = CDVLocation.m; path = "cordova-plugin-geolocation/CDVLocation.m"; sourceTree = "<group>"; };
		301BF52D109A57CC0062928A /* CordovaLib.xcodeproj */ = {isa = PBXFileReference; lastKnownFileType = "wrapper.pb-project"; name = CordovaLib.xcodeproj; path = CordovaLib/CordovaLib.xcodeproj; sourceTree = "<group>"; };
		301BF56E109A69640062928A /* www */ = {isa = PBXFileReference; lastKnownFileType = folder; path = www; sourceTree = SOURCE_ROOT; };
		302D95EE14D2391D003F00A1 /* MainViewController.h */ = {isa = PBXFileReference; fileEncoding = 4; lastKnownFileType = sourcecode.c.h; path = MainViewController.h; sourceTree = "<group>"; };
		302D95EF14D2391D003F00A1 /* MainViewController.m */ = {isa = PBXFileReference; fileEncoding = 4; lastKnownFileType = sourcecode.c.objc; path = MainViewController.m; sourceTree = "<group>"; };
		302D95F014D2391D003F00A1 /* MainViewController.xib */ = {isa = PBXFileReference; fileEncoding = 4; lastKnownFileType = file.xib; path = MainViewController.xib; sourceTree = "<group>"; };
		3047A50F1AB8059700498E2A /* build-debug.xcconfig */ = {isa = PBXFileReference; fileEncoding = 4; lastKnownFileType = text.xcconfig; name = "build-debug.xcconfig"; path = "cordova/build-debug.xcconfig"; sourceTree = SOURCE_ROOT; };
		3047A5101AB8059700498E2A /* build-release.xcconfig */ = {isa = PBXFileReference; fileEncoding = 4; lastKnownFileType = text.xcconfig; name = "build-release.xcconfig"; path = "cordova/build-release.xcconfig"; sourceTree = SOURCE_ROOT; };
		3047A5111AB8059700498E2A /* build.xcconfig */ = {isa = PBXFileReference; fileEncoding = 4; lastKnownFileType = text.xcconfig; name = build.xcconfig; path = cordova/build.xcconfig; sourceTree = SOURCE_ROOT; };
		3125061F52EC4FDFA0213EFF /* fast-turnaround.mp3 */ = {isa = PBXFileReference; explicitFileType = undefined; fileEncoding = 9; includeInIndex = 0; lastKnownFileType = unknown; path = "fast-turnaround.mp3"; sourceTree = "<group>"; };
		32CA4F630368D1EE00C91783 /* Timeweb Monitor-Prefix.pch */ = {isa = PBXFileReference; fileEncoding = 4; lastKnownFileType = sourcecode.c.h; path = "Timeweb Monitor-Prefix.pch"; sourceTree = "<group>"; };
		3353ADEB5F1B4555BE53E8CA /* AppDelegate+notification.m */ = {isa = PBXFileReference; explicitFileType = undefined; fileEncoding = 4; includeInIndex = 0; lastKnownFileType = sourcecode.c.objc; name = "AppDelegate+notification.m"; path = "com.phonegap.plugins.Puship/AppDelegate+notification.m"; sourceTree = "<group>"; };
		363F507E495546E79D80C7A1 /* your-turn.mp3 */ = {isa = PBXFileReference; explicitFileType = undefined; fileEncoding = 9; includeInIndex = 0; lastKnownFileType = unknown; path = "your-turn.mp3"; sourceTree = "<group>"; };
		36C0D584080D48C79AFB86B7 /* argh-my-eyes.mp3 */ = {isa = PBXFileReference; explicitFileType = undefined; fileEncoding = 9; includeInIndex = 0; lastKnownFileType = unknown; path = "argh-my-eyes.mp3"; sourceTree = "<group>"; };
		38E09BF4439541A48E749988 /* cyberincident.mp3 */ = {isa = PBXFileReference; explicitFileType = undefined; fileEncoding = 9; includeInIndex = 0; lastKnownFileType = unknown; path = cyberincident.mp3; sourceTree = "<group>"; };
		38F4C03FB7BC4A249FF91045 /* communication-channel.mp3 */ = {isa = PBXFileReference; explicitFileType = undefined; fileEncoding = 9; includeInIndex = 0; lastKnownFileType = unknown; path = "communication-channel.mp3"; sourceTree = "<group>"; };
		39B7AA86B901453A8FB152FA /* base.mp3 */ = {isa = PBXFileReference; explicitFileType = undefined; fileEncoding = 9; includeInIndex = 0; lastKnownFileType = unknown; path = base.mp3; sourceTree = "<group>"; };
		3A09267CF1734A7D89CE38DC /* net.mp3 */ = {isa = PBXFileReference; explicitFileType = undefined; fileEncoding = 9; includeInIndex = 0; lastKnownFileType = unknown; path = net.mp3; sourceTree = "<group>"; };
		3D4D7C6EE1E34FD18C6F3FA4 /* in-your-plate.mp3 */ = {isa = PBXFileReference; explicitFileType = undefined; fileEncoding = 9; includeInIndex = 0; lastKnownFileType = unknown; path = "in-your-plate.mp3"; sourceTree = "<group>"; };
		3D7BC7F6834F424CB078C4DD /* you-wouldnt-believe.mp3 */ = {isa = PBXFileReference; explicitFileType = undefined; fileEncoding = 9; includeInIndex = 0; lastKnownFileType = unknown; path = "you-wouldnt-believe.mp3"; sourceTree = "<group>"; };
		3E2CC94C568841DEA878B78C /* whatever.mp3 */ = {isa = PBXFileReference; explicitFileType = undefined; fileEncoding = 9; includeInIndex = 0; lastKnownFileType = unknown; path = whatever.mp3; sourceTree = "<group>"; };
		3EE338AC9AFA49309A104D9E /* end-point-reached.mp3 */ = {isa = PBXFileReference; explicitFileType = undefined; fileEncoding = 9; includeInIndex = 0; lastKnownFileType = unknown; path = "end-point-reached.mp3"; sourceTree = "<group>"; };
		4176AE3BA44848FC962F7191 /* EventKitUI.framework */ = {isa = PBXFileReference; explicitFileType = undefined; fileEncoding = 9; includeInIndex = 0; lastKnownFileType = wrapper.framework; name = EventKitUI.framework; path = System/Library/Frameworks/EventKitUI.framework; sourceTree = SDKROOT; };
		4DD6367065F84E5DB763A4B0 /* SpinnerPlugin.m */ = {isa = PBXFileReference; explicitFileType = undefined; fileEncoding = 4; includeInIndex = 0; lastKnownFileType = sourcecode.c.objc; name = SpinnerPlugin.m; path = "cordova-plugin-spinner/SpinnerPlugin.m"; sourceTree = "<group>"; };
		4E3CF6F3F737429A9D98AA00 /* surprise-on-a-spring.mp3 */ = {isa = PBXFileReference; explicitFileType = undefined; fileEncoding = 9; includeInIndex = 0; lastKnownFileType = unknown; path = "surprise-on-a-spring.mp3"; sourceTree = "<group>"; };
		51C4DBE8545847338AE06855 /* thats-nasty.mp3 */ = {isa = PBXFileReference; explicitFileType = undefined; fileEncoding = 9; includeInIndex = 0; lastKnownFileType = unknown; path = "thats-nasty.mp3"; sourceTree = "<group>"; };
		691CB6F3B8C649A29324E8A3 /* trained.mp3 */ = {isa = PBXFileReference; explicitFileType = undefined; fileEncoding = 9; includeInIndex = 0; lastKnownFileType = unknown; path = trained.mp3; sourceTree = "<group>"; };
		700544C6D40B4E4FA2818EE6 /* yep.mp3 */ = {isa = PBXFileReference; explicitFileType = undefined; fileEncoding = 9; includeInIndex = 0; lastKnownFileType = unknown; path = yep.mp3; sourceTree = "<group>"; };
		71C85AE2550747949108FF8D /* good-morning.mp3 */ = {isa = PBXFileReference; explicitFileType = undefined; fileEncoding = 9; includeInIndex = 0; lastKnownFileType = unknown; path = "good-morning.mp3"; sourceTree = "<group>"; };
		7372AAE32BC844199CF3DDD9 /* are-you-kidding.mp3 */ = {isa = PBXFileReference; explicitFileType = undefined; fileEncoding = 9; includeInIndex = 0; lastKnownFileType = unknown; path = "are-you-kidding.mp3"; sourceTree = "<group>"; };
		755678EC200345FD8FF8D53B /* AudioToolbox.framework */ = {isa = PBXFileReference; explicitFileType = undefined; fileEncoding = 9; includeInIndex = 0; lastKnownFileType = wrapper.framework; name = AudioToolbox.framework; path = System/Library/Frameworks/AudioToolbox.framework; sourceTree = SDKROOT; };
		75D35F1EA4664239A9EF9636 /* munchausen.mp3 */ = {isa = PBXFileReference; explicitFileType = undefined; fileEncoding = 9; includeInIndex = 0; lastKnownFileType = unknown; path = munchausen.mp3; sourceTree = "<group>"; };
		786FB49DC59A4A24B9E0253A /* braking.mp3 */ = {isa = PBXFileReference; explicitFileType = undefined; fileEncoding = 9; includeInIndex = 0; lastKnownFileType = unknown; path = braking.mp3; sourceTree = "<group>"; };
		792B5873EF9F485283C59C01 /* what.mp3 */ = {isa = PBXFileReference; explicitFileType = undefined; fileEncoding = 9; includeInIndex = 0; lastKnownFileType = unknown; path = what.mp3; sourceTree = "<group>"; };
		7B5DA330990D47609F9A0F37 /* hiccup.mp3 */ = {isa = PBXFileReference; explicitFileType = undefined; fileEncoding = 9; includeInIndex = 0; lastKnownFileType = unknown; path = hiccup.mp3; sourceTree = "<group>"; };
		7BC49AB86EA146BDA464F5ED /* awareness.mp3 */ = {isa = PBXFileReference; explicitFileType = undefined; fileEncoding = 9; includeInIndex = 0; lastKnownFileType = unknown; path = awareness.mp3; sourceTree = "<group>"; };
		7E136F9C5CFC4FAD9553F583 /* all-of-a-sudden.mp3 */ = {isa = PBXFileReference; explicitFileType = undefined; fileEncoding = 9; includeInIndex = 0; lastKnownFileType = unknown; path = "all-of-a-sudden.mp3"; sourceTree = "<group>"; };
		7E6929D84A754626BA43D468 /* MBProgressHUD.h */ = {isa = PBXFileReference; explicitFileType = undefined; fileEncoding = 4; includeInIndex = 0; lastKnownFileType = sourcecode.c.h; name = MBProgressHUD.h; path = "cordova-plugin-spinner/MBProgressHUD.h"; sourceTree = "<group>"; };
		7EF4E20CD50C461892102FA1 /* CDVVibration.h */ = {isa = PBXFileReference; explicitFileType = undefined; fileEncoding = 4; includeInIndex = 0; lastKnownFileType = sourcecode.c.h; name = CDVVibration.h; path = "cordova-plugin-vibration/CDVVibration.h"; sourceTree = "<group>"; };
		80DE83EBF12E48F4941755AB /* pull-back.mp3 */ = {isa = PBXFileReference; explicitFileType = undefined; fileEncoding = 9; includeInIndex = 0; lastKnownFileType = unknown; path = "pull-back.mp3"; sourceTree = "<group>"; };
		829DB143C9274210BF86D41E /* gets-in-the-way.mp3 */ = {isa = PBXFileReference; explicitFileType = undefined; fileEncoding = 9; includeInIndex = 0; lastKnownFileType = unknown; path = "gets-in-the-way.mp3"; sourceTree = "<group>"; };
		858F475B29854F50A1901D60 /* thats-a-no.mp3 */ = {isa = PBXFileReference; explicitFileType = undefined; fileEncoding = 9; includeInIndex = 0; lastKnownFileType = unknown; path = "thats-a-no.mp3"; sourceTree = "<group>"; };
		87578FD82F8945459253ED37 /* pluck.mp3 */ = {isa = PBXFileReference; explicitFileType = undefined; fileEncoding = 9; includeInIndex = 0; lastKnownFileType = unknown; path = pluck.mp3; sourceTree = "<group>"; };
		8B3602504AC6436A996E6F1E /* Calendar.m */ = {isa = PBXFileReference; explicitFileType = undefined; fileEncoding = 4; includeInIndex = 0; lastKnownFileType = sourcecode.c.objc; name = Calendar.m; path = "cordova-plugin-calendar/Calendar.m"; sourceTree = "<group>"; };
		8B8B6CED9DB4424BB4C2E84B /* just-like-that.mp3 */ = {isa = PBXFileReference; explicitFileType = undefined; fileEncoding = 9; includeInIndex = 0; lastKnownFileType = unknown; path = "just-like-that.mp3"; sourceTree = "<group>"; };
		8D1107310486CEB800E47090 /* Timeweb Monitor-Info.plist */ = {isa = PBXFileReference; fileEncoding = 4; lastKnownFileType = text.plist.xml; name = "Timeweb Monitor-Info.plist"; path = "Timeweb Monitor/Timeweb Monitor-Info.plist"; plistStructureDefinitionIdentifier = "com.apple.xcode.plist.structure-definition.iphone.info-plist"; sourceTree = SOURCE_ROOT; };
		928A0D0BBF9E4525B5E77C6B /* you-know.mp3 */ = {isa = PBXFileReference; explicitFileType = undefined; fileEncoding = 9; includeInIndex = 0; lastKnownFileType = unknown; path = "you-know.mp3"; sourceTree = "<group>"; };
		9850EDDF5D394F958B7A964F /* knob.mp3 */ = {isa = PBXFileReference; explicitFileType = undefined; fileEncoding = 9; includeInIndex = 0; lastKnownFileType = unknown; path = knob.mp3; sourceTree = "<group>"; };
		9A3ECF1048DE4BD592B4D081 /* a-taste-of-the-whip.mp3 */ = {isa = PBXFileReference; explicitFileType = undefined; fileEncoding = 9; includeInIndex = 0; lastKnownFileType = unknown; path = "a-taste-of-the-whip.mp3"; sourceTree = "<group>"; };
		9DE06A6B57E9403489E56993 /* CoreLocation.framework */ = {isa = PBXFileReference; explicitFileType = undefined; fileEncoding = 9; includeInIndex = 0; lastKnownFileType = wrapper.framework; name = CoreLocation.framework; path = System/Library/Frameworks/CoreLocation.framework; sourceTree = SDKROOT; };
		9F9768D1F8B7483EB21553FD /* question-raised.mp3 */ = {isa = PBXFileReference; explicitFileType = undefined; fileEncoding = 9; includeInIndex = 0; lastKnownFileType = unknown; path = "question-raised.mp3"; sourceTree = "<group>"; };
		A58D868160D04798A4EFBF5A /* served.mp3 */ = {isa = PBXFileReference; explicitFileType = undefined; fileEncoding = 9; includeInIndex = 0; lastKnownFileType = unknown; path = served.mp3; sourceTree = "<group>"; };
		A644F7AEA6A14EA4A3D04F1D /* does-not-behave.mp3 */ = {isa = PBXFileReference; explicitFileType = undefined; fileEncoding = 9; includeInIndex = 0; lastKnownFileType = unknown; path = "does-not-behave.mp3"; sourceTree = "<group>"; };
		A7017EF2B2AF47D79AB1C92B /* just-like-magic.mp3 */ = {isa = PBXFileReference; explicitFileType = undefined; fileEncoding = 9; includeInIndex = 0; lastKnownFileType = unknown; path = "just-like-magic.mp3"; sourceTree = "<group>"; };
		A9CCED828C8841ADBC6E722C /* error-3.mp3 */ = {isa = PBXFileReference; explicitFileType = undefined; fileEncoding = 9; includeInIndex = 0; lastKnownFileType = unknown; path = "error-3.mp3"; sourceTree = "<group>"; };
		AD8D89E5515D4F559A08C295 /* a-ha-moment.mp3 */ = {isa = PBXFileReference; explicitFileType = undefined; fileEncoding = 9; includeInIndex = 0; lastKnownFileType = unknown; path = "a-ha-moment.mp3"; sourceTree = "<group>"; };
		AF7103A7728F48C39CC7012D /* no-trespassing.mp3 */ = {isa = PBXFileReference; explicitFileType = undefined; fileEncoding = 9; includeInIndex = 0; lastKnownFileType = unknown; path = "no-trespassing.mp3"; sourceTree = "<group>"; };
		B0075F0552134B5E8C1CB1BD /* pizzicato.mp3 */ = {isa = PBXFileReference; explicitFileType = undefined; fileEncoding = 9; includeInIndex = 0; lastKnownFileType = unknown; path = pizzicato.mp3; sourceTree = "<group>"; };
		B0CD6C0BB4744A949CD3AF48 /* SpinnerPlugin.h */ = {isa = PBXFileReference; explicitFileType = undefined; fileEncoding = 4; includeInIndex = 0; lastKnownFileType = sourcecode.c.h; name = SpinnerPlugin.h; path = "cordova-plugin-spinner/SpinnerPlugin.h"; sourceTree = "<group>"; };
		B1D24B0F4C744353B3010D81 /* chafing.mp3 */ = {isa = PBXFileReference; explicitFileType = undefined; fileEncoding = 9; includeInIndex = 0; lastKnownFileType = unknown; path = chafing.mp3; sourceTree = "<group>"; };
		B22AFF9ACAB74009A7635494 /* fallin.mp3 */ = {isa = PBXFileReference; explicitFileType = undefined; fileEncoding = 9; includeInIndex = 0; lastKnownFileType = unknown; path = fallin.mp3; sourceTree = "<group>"; };
		B6754CC3975A43F3A025A4DF /* gummy-sweep.mp3 */ = {isa = PBXFileReference; explicitFileType = undefined; fileEncoding = 9; includeInIndex = 0; lastKnownFileType = unknown; path = "gummy-sweep.mp3"; sourceTree = "<group>"; };
		B780E20510B94B64924BFA61 /* Flashlight.h */ = {isa = PBXFileReference; explicitFileType = undefined; fileEncoding = 4; includeInIndex = 0; lastKnownFileType = sourcecode.c.h; name = Flashlight.h; path = "cordova-plugin-flashlight/Flashlight.h"; sourceTree = "<group>"; };
		B9B90FA2FE4D44F4B2FBF946 /* cause-and-effect.mp3 */ = {isa = PBXFileReference; explicitFileType = undefined; fileEncoding = 9; includeInIndex = 0; lastKnownFileType = unknown; path = "cause-and-effect.mp3"; sourceTree = "<group>"; };
		BA0B3DD421C3419EAB29557E /* may-i-have-your-attention.mp3 */ = {isa = PBXFileReference; explicitFileType = undefined; fileEncoding = 9; includeInIndex = 0; lastKnownFileType = unknown; path = "may-i-have-your-attention.mp3"; sourceTree = "<group>"; };
		BA56665879864DF8ABA46506 /* strongly-attached.mp3 */ = {isa = PBXFileReference; explicitFileType = undefined; fileEncoding = 9; includeInIndex = 0; lastKnownFileType = unknown; path = "strongly-attached.mp3"; sourceTree = "<group>"; };
		BAE596C8C6F54B15A624D31C /* finger-push.mp3 */ = {isa = PBXFileReference; explicitFileType = undefined; fileEncoding = 9; includeInIndex = 0; lastKnownFileType = unknown; path = "finger-push.mp3"; sourceTree = "<group>"; };
		BC5465E1BC45446F8C5BC408 /* i-saw-you.mp3 */ = {isa = PBXFileReference; explicitFileType = undefined; fileEncoding = 9; includeInIndex = 0; lastKnownFileType = unknown; path = "i-saw-you.mp3"; sourceTree = "<group>"; };
		BDF0681CCBDA4C47AA76D217 /* job-done.mp3 */ = {isa = PBXFileReference; explicitFileType = undefined; fileEncoding = 9; includeInIndex = 0; lastKnownFileType = unknown; path = "job-done.mp3"; sourceTree = "<group>"; };
		C036267198384AE98614C4D4 /* MBProgressHUD.m */ = {isa = PBXFileReference; explicitFileType = undefined; fileEncoding = 4; includeInIndex = 0; lastKnownFileType = sourcecode.c.objc; name = MBProgressHUD.m; path = "cordova-plugin-spinner/MBProgressHUD.m"; sourceTree = "<group>"; };
		C222E08F228C40209C6C4094 /* EventKit.framework */ = {isa = PBXFileReference; explicitFileType = undefined; fileEncoding = 9; includeInIndex = 0; lastKnownFileType = wrapper.framework; name = EventKit.framework; path = System/Library/Frameworks/EventKit.framework; sourceTree = SDKROOT; };
		C2B1EE3397B14FA18CE03DC4 /* the-squeaky-wheel-gets-the-grease.mp3 */ = {isa = PBXFileReference; explicitFileType = undefined; fileEncoding = 9; includeInIndex = 0; lastKnownFileType = unknown; path = "the-squeaky-wheel-gets-the-grease.mp3"; sourceTree = "<group>"; };
		C3533798A65F42689467B3B8 /* decay.mp3 */ = {isa = PBXFileReference; explicitFileType = undefined; fileEncoding = 9; includeInIndex = 0; lastKnownFileType = unknown; path = decay.mp3; sourceTree = "<group>"; };
		C498CF81DCDE4E17B1D397F2 /* CDVLocation.h */ = {isa = PBXFileReference; explicitFileType = undefined; fileEncoding = 4; includeInIndex = 0; lastKnownFileType = sourcecode.c.h; name = CDVLocation.h; path = "cordova-plugin-geolocation/CDVLocation.h"; sourceTree = "<group>"; };
		C65AF2738DE84A7DB63807BD /* oringz-pack-nine-15.mp3 */ = {isa = PBXFileReference; explicitFileType = undefined; fileEncoding = 9; includeInIndex = 0; lastKnownFileType = unknown; path = "oringz-pack-nine-15.mp3"; sourceTree = "<group>"; };
		C68D559A62F64A5B9F24982B /* inquisitiveness.mp3 */ = {isa = PBXFileReference; explicitFileType = undefined; fileEncoding = 9; includeInIndex = 0; lastKnownFileType = unknown; path = inquisitiveness.mp3; sourceTree = "<group>"; };
		C8B1D48AE1574EB39D9FEB06 /* CDVVibration.m */ = {isa = PBXFileReference; explicitFileType = undefined; fileEncoding = 4; includeInIndex = 0; lastKnownFileType = sourcecode.c.objc; name = CDVVibration.m; path = "cordova-plugin-vibration/CDVVibration.m"; sourceTree = "<group>"; };
		CA077AD90BF04A2AAA3BCEF7 /* worthwhile.mp3 */ = {isa = PBXFileReference; explicitFileType = undefined; fileEncoding = 9; includeInIndex = 0; lastKnownFileType = unknown; path = worthwhile.mp3; sourceTree = "<group>"; };
		CFABE5F79D0540F5B3A8CDC4 /* come-to-daddy.mp3 */ = {isa = PBXFileReference; explicitFileType = undefined; fileEncoding = 9; includeInIndex = 0; lastKnownFileType = unknown; path = "come-to-daddy.mp3"; sourceTree = "<group>"; };
		CFEB4237DED54E3F8B739A7F /* coins.mp3 */ = {isa = PBXFileReference; explicitFileType = undefined; fileEncoding = 9; includeInIndex = 0; lastKnownFileType = unknown; path = coins.mp3; sourceTree = "<group>"; };
		D167A9CB4DC84507A05D9917 /* dropped-spinner.mp3 */ = {isa = PBXFileReference; explicitFileType = undefined; fileEncoding = 9; includeInIndex = 0; lastKnownFileType = unknown; path = "dropped-spinner.mp3"; sourceTree = "<group>"; };
		D202AF46476D48029E03D525 /* fallbackring.ogg */ = {isa = PBXFileReference; explicitFileType = undefined; fileEncoding = 9; includeInIndex = 0; lastKnownFileType = unknown; path = fallbackring.ogg; sourceTree = "<group>"; };
		D28296D2E14E4AFDBE9783B0 /* PushPlugin.m */ = {isa = PBXFileReference; explicitFileType = undefined; fileEncoding = 4; includeInIndex = 0; lastKnownFileType = sourcecode.c.objc; name = PushPlugin.m; path = com.phonegap.plugins.Puship/PushPlugin.m; sourceTree = "<group>"; };
		DACE5FCBF27E493DA8164BF1 /* no-way.mp3 */ = {isa = PBXFileReference; explicitFileType = undefined; fileEncoding = 9; includeInIndex = 0; lastKnownFileType = unknown; path = "no-way.mp3"; sourceTree = "<group>"; };
		DB7F92B8C0EE4085BB279F26 /* solemn.mp3 */ = {isa = PBXFileReference; explicitFileType = undefined; fileEncoding = 9; includeInIndex = 0; lastKnownFileType = unknown; path = solemn.mp3; sourceTree = "<group>"; };
		DC0C375F296149399767B8F2 /* credulous.mp3 */ = {isa = PBXFileReference; explicitFileType = undefined; fileEncoding = 9; includeInIndex = 0; lastKnownFileType = unknown; path = credulous.mp3; sourceTree = "<group>"; };
		DEF1503817654985AD0232FC /* croak.mp3 */ = {isa = PBXFileReference; explicitFileType = undefined; fileEncoding = 9; includeInIndex = 0; lastKnownFileType = unknown; path = croak.mp3; sourceTree = "<group>"; };
		EB87FDF31871DA8E0020F90C /* www */ = {isa = PBXFileReference; lastKnownFileType = folder; name = www; path = ../../www; sourceTree = "<group>"; };
		EB87FDF41871DAF40020F90C /* config.xml */ = {isa = PBXFileReference; lastKnownFileType = text.xml; name = config.xml; path = ../../config.xml; sourceTree = "<group>"; };
		ED21440497474D8D989A9106 /* machine-poo.mp3 */ = {isa = PBXFileReference; explicitFileType = undefined; fileEncoding = 9; includeInIndex = 0; lastKnownFileType = unknown; path = "machine-poo.mp3"; sourceTree = "<group>"; };
		ED33DF2A687741AEAF9F8254 /* Bridging-Header.h */ = {isa = PBXFileReference; fileEncoding = 4; lastKnownFileType = sourcecode.c.h; path = "Bridging-Header.h"; sourceTree = "<group>"; };
		F23716756DBD430AACAFC45A /* blocker.mp3 */ = {isa = PBXFileReference; explicitFileType = undefined; fileEncoding = 9; includeInIndex = 0; lastKnownFileType = unknown; path = blocker.mp3; sourceTree = "<group>"; };
		F519E812A69348A48EF34C88 /* et-voila.mp3 */ = {isa = PBXFileReference; explicitFileType = undefined; fileEncoding = 9; includeInIndex = 0; lastKnownFileType = unknown; path = "et-voila.mp3"; sourceTree = "<group>"; };
		F61A37BE3AC74EC990B8DC22 /* me.mp3 */ = {isa = PBXFileReference; explicitFileType = undefined; fileEncoding = 9; includeInIndex = 0; lastKnownFileType = unknown; path = me.mp3; sourceTree = "<group>"; };
		F68BD3ED0EEA49D8A8AF25B4 /* scissors.mp3 */ = {isa = PBXFileReference; explicitFileType = undefined; fileEncoding = 9; includeInIndex = 0; lastKnownFileType = unknown; path = scissors.mp3; sourceTree = "<group>"; };
		F739793C87FB4ECEA508F113 /* happy-ending.mp3 */ = {isa = PBXFileReference; explicitFileType = undefined; fileEncoding = 9; includeInIndex = 0; lastKnownFileType = unknown; path = "happy-ending.mp3"; sourceTree = "<group>"; };
		F7EDD9A898CE480A9D0756FD /* long-chime-sound.mp3 */ = {isa = PBXFileReference; explicitFileType = undefined; fileEncoding = 9; includeInIndex = 0; lastKnownFileType = unknown; path = "long-chime-sound.mp3"; sourceTree = "<group>"; };
		F840E1F0165FE0F500CFE078 /* config.xml */ = {isa = PBXFileReference; lastKnownFileType = text.xml; name = config.xml; path = "Timeweb Monitor/config.xml"; sourceTree = "<group>"; };
		FA0E83A79DFF45EEBA366A9E /* hey-im-here-too.mp3 */ = {isa = PBXFileReference; explicitFileType = undefined; fileEncoding = 9; includeInIndex = 0; lastKnownFileType = unknown; path = "hey-im-here-too.mp3"; sourceTree = "<group>"; };
		FBE6DEF5C0844436860AA4E0 /* code.mp3 */ = {isa = PBXFileReference; explicitFileType = undefined; fileEncoding = 9; includeInIndex = 0; lastKnownFileType = unknown; path = code.mp3; sourceTree = "<group>"; };
		FCFBC844E8A541E0AD117546 /* see-im-smart.mp3 */ = {isa = PBXFileReference; explicitFileType = undefined; fileEncoding = 9; includeInIndex = 0; lastKnownFileType = unknown; path = "see-im-smart.mp3"; sourceTree = "<group>"; };
		FEBCBF18FAD34B6EA87F2E6C /* shut-your-mouth.mp3 */ = {isa = PBXFileReference; explicitFileType = undefined; fileEncoding = 9; includeInIndex = 0; lastKnownFileType = unknown; path = "shut-your-mouth.mp3"; sourceTree = "<group>"; };
/* End PBXFileReference section */

/* Begin PBXFrameworksBuildPhase section */
		1D60588F0D05DD3D006BFB54 /* Frameworks */ = {
			isa = PBXFrameworksBuildPhase;
			buildActionMask = 2147483647;
			files = (
				301BF552109A68D80062928A /* libCordova.a in Frameworks */,
				D3861F8F6C10446E88A70635 /* EventKit.framework in Frameworks */,
				EF72DC02E28342AAAE0FA2BF /* EventKitUI.framework in Frameworks */,
				53143FC50E2E4D8BBD35196F /* CoreLocation.framework in Frameworks */,
				8FF61874930E4E3085BDA3B8 /* AudioToolbox.framework in Frameworks */,
			);
			runOnlyForDeploymentPostprocessing = 0;
		};
/* End PBXFrameworksBuildPhase section */

/* Begin PBXGroup section */
		080E96DDFE201D6D7F000001 /* Classes */ = {
			isa = PBXGroup;
			children = (
				302D95EE14D2391D003F00A1 /* MainViewController.h */,
				302D95EF14D2391D003F00A1 /* MainViewController.m */,
				302D95F014D2391D003F00A1 /* MainViewController.xib */,
				1D3623240D0F684500981E51 /* AppDelegate.h */,
				1D3623250D0F684500981E51 /* AppDelegate.m */,
			);
			name = Classes;
			path = "Timeweb Monitor/Classes";
			sourceTree = SOURCE_ROOT;
		};
		19C28FACFE9D520D11CA2CBB /* Products */ = {
			isa = PBXGroup;
			children = (
				1D6058910D05DD3D006BFB54 /* Timeweb Monitor.app */,
			);
			name = Products;
			sourceTree = "<group>";
		};
		29B97314FDCFA39411CA2CEA /* CustomTemplate */ = {
			isa = PBXGroup;
			children = (
				EB87FDF41871DAF40020F90C /* config.xml */,
				EB87FDF31871DA8E0020F90C /* www */,
				EB87FDF11871DA420020F90C /* Staging */,
				301BF52D109A57CC0062928A /* CordovaLib.xcodeproj */,
				080E96DDFE201D6D7F000001 /* Classes */,
				307C750510C5A3420062BCA9 /* Plugins */,
				29B97315FDCFA39411CA2CEA /* Other Sources */,
				29B97317FDCFA39411CA2CEA /* Resources */,
				29B97323FDCFA39411CA2CEA /* Frameworks */,
				19C28FACFE9D520D11CA2CBB /* Products */,
			);
			name = CustomTemplate;
			sourceTree = "<group>";
		};
		29B97315FDCFA39411CA2CEA /* Other Sources */ = {
			isa = PBXGroup;
			children = (
				32CA4F630368D1EE00C91783 /* Timeweb Monitor-Prefix.pch */,
				29B97316FDCFA39411CA2CEA /* main.m */,
				ED33DF2A687741AEAF9F8254 /* Bridging-Header.h */,
			);
			name = "Other Sources";
			path = "Timeweb Monitor";
			sourceTree = "<group>";
		};
		29B97317FDCFA39411CA2CEA /* Resources */ = {
			isa = PBXGroup;
			children = (
				0207DA571B56EA530066E2B4 /* Images.xcassets */,
				3047A50E1AB8057F00498E2A /* config */,
				8D1107310486CEB800E47090 /* Timeweb Monitor-Info.plist */,
				2AC7A8D3D56B4540BE6A7FC3 /* abduction.mp3 */,
				06E3648626F14BFD922E0D83 /* ache.mp3 */,
				AD8D89E5515D4F559A08C295 /* a-ha-moment.mp3 */,
				7E136F9C5CFC4FAD9553F583 /* all-of-a-sudden.mp3 */,
				7372AAE32BC844199CF3DDD9 /* are-you-kidding.mp3 */,
				36C0D584080D48C79AFB86B7 /* argh-my-eyes.mp3 */,
				9A3ECF1048DE4BD592B4D081 /* a-taste-of-the-whip.mp3 */,
				22D06E4984C84953ADFB05AD /* attracted.mp3 */,
				7BC49AB86EA146BDA464F5ED /* awareness.mp3 */,
				39B7AA86B901453A8FB152FA /* base.mp3 */,
				F23716756DBD430AACAFC45A /* blocker.mp3 */,
				786FB49DC59A4A24B9E0253A /* braking.mp3 */,
				1D7A5146723B4C5E943DE8F3 /* cable-unplugged.mp3 */,
				B9B90FA2FE4D44F4B2FBF946 /* cause-and-effect.mp3 */,
				B1D24B0F4C744353B3010D81 /* chafing.mp3 */,
				0433D18B462C4377ACB23BFC /* closed.mp3 */,
				FBE6DEF5C0844436860AA4E0 /* code.mp3 */,
				CFEB4237DED54E3F8B739A7F /* coins.mp3 */,
				CFABE5F79D0540F5B3A8CDC4 /* come-to-daddy.mp3 */,
				38F4C03FB7BC4A249FF91045 /* communication-channel.mp3 */,
				DC0C375F296149399767B8F2 /* credulous.mp3 */,
				DEF1503817654985AD0232FC /* croak.mp3 */,
				38E09BF4439541A48E749988 /* cyberincident.mp3 */,
				C3533798A65F42689467B3B8 /* decay.mp3 */,
				A644F7AEA6A14EA4A3D04F1D /* does-not-behave.mp3 */,
				D167A9CB4DC84507A05D9917 /* dropped-spinner.mp3 */,
				091508591DCB466293034583 /* electronic.mp3 */,
				3EE338AC9AFA49309A104D9E /* end-point-reached.mp3 */,
				A9CCED828C8841ADBC6E722C /* error-3.mp3 */,
				F519E812A69348A48EF34C88 /* et-voila.mp3 */,
				D202AF46476D48029E03D525 /* fallbackring.ogg */,
				B22AFF9ACAB74009A7635494 /* fallin.mp3 */,
				3125061F52EC4FDFA0213EFF /* fast-turnaround.mp3 */,
				BAE596C8C6F54B15A624D31C /* finger-push.mp3 */,
				10403DC66560470CBF238226 /* genuinely-interested.mp3 */,
				829DB143C9274210BF86D41E /* gets-in-the-way.mp3 */,
				71C85AE2550747949108FF8D /* good-morning.mp3 */,
				B6754CC3975A43F3A025A4DF /* gummy-sweep.mp3 */,
				F739793C87FB4ECEA508F113 /* happy-ending.mp3 */,
				FA0E83A79DFF45EEBA366A9E /* hey-im-here-too.mp3 */,
				7B5DA330990D47609F9A0F37 /* hiccup.mp3 */,
				C68D559A62F64A5B9F24982B /* inquisitiveness.mp3 */,
				3D4D7C6EE1E34FD18C6F3FA4 /* in-your-plate.mp3 */,
				BC5465E1BC45446F8C5BC408 /* i-saw-you.mp3 */,
				BDF0681CCBDA4C47AA76D217 /* job-done.mp3 */,
				13612B0038F24FBC86D16F0B /* jubilation.mp3 */,
				A7017EF2B2AF47D79AB1C92B /* just-like-magic.mp3 */,
				8B8B6CED9DB4424BB4C2E84B /* just-like-that.mp3 */,
				9850EDDF5D394F958B7A964F /* knob.mp3 */,
				F7EDD9A898CE480A9D0756FD /* long-chime-sound.mp3 */,
				ED21440497474D8D989A9106 /* machine-poo.mp3 */,
				BA0B3DD421C3419EAB29557E /* may-i-have-your-attention.mp3 */,
				F61A37BE3AC74EC990B8DC22 /* me.mp3 */,
				75D35F1EA4664239A9EF9636 /* munchausen.mp3 */,
				3A09267CF1734A7D89CE38DC /* net.mp3 */,
				AF7103A7728F48C39CC7012D /* no-trespassing.mp3 */,
				DACE5FCBF27E493DA8164BF1 /* no-way.mp3 */,
				00A65CBBB72F4635993A5A22 /* oh-really.mp3 */,
				08153F6752BA498A9C987237 /* on-serious-matters.mp3 */,
				C65AF2738DE84A7DB63807BD /* oringz-pack-nine-15.mp3 */,
				0A021B7B60944C3EB72A9569 /* pedantic.mp3 */,
				B0075F0552134B5E8C1CB1BD /* pizzicato.mp3 */,
				87578FD82F8945459253ED37 /* pluck.mp3 */,
				256CABF074754F748FE6FE1A /* professionals.mp3 */,
				80DE83EBF12E48F4941755AB /* pull-back.mp3 */,
				2B61C3613B76423BA18FC182 /* put-down.mp3 */,
				9F9768D1F8B7483EB21553FD /* question-raised.mp3 */,
				F68BD3ED0EEA49D8A8AF25B4 /* scissors.mp3 */,
				FCFBC844E8A541E0AD117546 /* see-im-smart.mp3 */,
				A58D868160D04798A4EFBF5A /* served.mp3 */,
				FEBCBF18FAD34B6EA87F2E6C /* shut-your-mouth.mp3 */,
				296B9167725B48B892A12E11 /* slap.mp3 */,
				DB7F92B8C0EE4085BB279F26 /* solemn.mp3 */,
				BA56665879864DF8ABA46506 /* strongly-attached.mp3 */,
				4E3CF6F3F737429A9D98AA00 /* surprise-on-a-spring.mp3 */,
				12D46305E21F44FD9AE61B03 /* swift.mp3 */,
				858F475B29854F50A1901D60 /* thats-a-no.mp3 */,
				51C4DBE8545847338AE06855 /* thats-nasty.mp3 */,
				C2B1EE3397B14FA18CE03DC4 /* the-squeaky-wheel-gets-the-grease.mp3 */,
				691CB6F3B8C649A29324E8A3 /* trained.mp3 */,
				792B5873EF9F485283C59C01 /* what.mp3 */,
				3E2CC94C568841DEA878B78C /* whatever.mp3 */,
				0D02C9B58DD74FA49DE4C7ED /* will-you.mp3 */,
				CA077AD90BF04A2AAA3BCEF7 /* worthwhile.mp3 */,
				700544C6D40B4E4FA2818EE6 /* yep.mp3 */,
				928A0D0BBF9E4525B5E77C6B /* you-know.mp3 */,
				363F507E495546E79D80C7A1 /* your-turn.mp3 */,
				3D7BC7F6834F424CB078C4DD /* you-wouldnt-believe.mp3 */,
			);
			name = Resources;
			path = "Timeweb Monitor/Resources";
			sourceTree = "<group>";
		};
		29B97323FDCFA39411CA2CEA /* Frameworks */ = {
			isa = PBXGroup;
			children = (
				C222E08F228C40209C6C4094 /* EventKit.framework */,
				4176AE3BA44848FC962F7191 /* EventKitUI.framework */,
				9DE06A6B57E9403489E56993 /* CoreLocation.framework */,
				755678EC200345FD8FF8D53B /* AudioToolbox.framework */,
			);
			name = Frameworks;
			sourceTree = "<group>";
		};
		301BF52E109A57CC0062928A /* Products */ = {
			isa = PBXGroup;
			children = (
				301BF535109A57CC0062928A /* libCordova.a */,
			);
			name = Products;
			sourceTree = "<group>";
		};
		3047A50E1AB8057F00498E2A /* config */ = {
			isa = PBXGroup;
			children = (
				3047A50F1AB8059700498E2A /* build-debug.xcconfig */,
				3047A5101AB8059700498E2A /* build-release.xcconfig */,
				3047A5111AB8059700498E2A /* build.xcconfig */,
			);
			name = config;
			sourceTree = "<group>";
		};
		307C750510C5A3420062BCA9 /* Plugins */ = {
			isa = PBXGroup;
			children = (
				3353ADEB5F1B4555BE53E8CA /* AppDelegate+notification.m */,
				D28296D2E14E4AFDBE9783B0 /* PushPlugin.m */,
				0D11F2337B0A492B85C1E030 /* AppDelegate+notification.h */,
				16FD1A25CF2146A085D8F478 /* PushPlugin.h */,
				8B3602504AC6436A996E6F1E /* Calendar.m */,
				14AC054D65DF4683BDD94AF4 /* Calendar.h */,
				0B7222A5FD2C4472A10D9BB5 /* Flashlight.m */,
				B780E20510B94B64924BFA61 /* Flashlight.h */,
				2D03113EC405451C946391DB /* CDVLocation.m */,
				C498CF81DCDE4E17B1D397F2 /* CDVLocation.h */,
				4DD6367065F84E5DB763A4B0 /* SpinnerPlugin.m */,
				C036267198384AE98614C4D4 /* MBProgressHUD.m */,
				B0CD6C0BB4744A949CD3AF48 /* SpinnerPlugin.h */,
				7E6929D84A754626BA43D468 /* MBProgressHUD.h */,
				C8B1D48AE1574EB39D9FEB06 /* CDVVibration.m */,
				7EF4E20CD50C461892102FA1 /* CDVVibration.h */,
			);
			name = Plugins;
			path = "Timeweb Monitor/Plugins";
			sourceTree = SOURCE_ROOT;
		};
		EB87FDF11871DA420020F90C /* Staging */ = {
			isa = PBXGroup;
			children = (
				F840E1F0165FE0F500CFE078 /* config.xml */,
				301BF56E109A69640062928A /* www */,
			);
			name = Staging;
			sourceTree = "<group>";
		};
/* End PBXGroup section */

/* Begin PBXNativeTarget section */
		1D6058900D05DD3D006BFB54 /* Timeweb Monitor */ = {
			isa = PBXNativeTarget;
			buildConfigurationList = 1D6058960D05DD3E006BFB54 /* Build configuration list for PBXNativeTarget "Timeweb Monitor" */;
			buildPhases = (
				304B58A110DAC018002A0835 /* Copy www directory */,
				1D60588D0D05DD3D006BFB54 /* Resources */,
				1D60588E0D05DD3D006BFB54 /* Sources */,
				1D60588F0D05DD3D006BFB54 /* Frameworks */,
			);
			buildRules = (
			);
			dependencies = (
				301BF551109A68C00062928A /* PBXTargetDependency */,
			);
			name = "Timeweb Monitor";
			productName = "Timeweb Monitor";
			productReference = 1D6058910D05DD3D006BFB54 /* Timeweb Monitor.app */;
			productType = "com.apple.product-type.application";
		};
/* End PBXNativeTarget section */

/* Begin PBXProject section */
		29B97313FDCFA39411CA2CEA /* Project object */ = {
			isa = PBXProject;
			attributes = {
				LastUpgradeCheck = 510;
				TargetAttributes = {
					1D6058900D05DD3D006BFB54 = {
						DevelopmentTeam = 3FGB5ES3CG;
					};
				};
			};
			buildConfigurationList = C01FCF4E08A954540054247B /* Build configuration list for PBXProject "Timeweb Monitor" */;
			compatibilityVersion = "Xcode 3.2";
			developmentRegion = English;
			hasScannedForEncodings = 1;
			knownRegions = (
				en,
			);
			mainGroup = 29B97314FDCFA39411CA2CEA /* CustomTemplate */;
			projectDirPath = "";
			projectReferences = (
				{
					ProductGroup = 301BF52E109A57CC0062928A /* Products */;
					ProjectRef = 301BF52D109A57CC0062928A /* CordovaLib.xcodeproj */;
				},
			);
			projectRoot = "";
			targets = (
				1D6058900D05DD3D006BFB54 /* Timeweb Monitor */,
			);
		};
/* End PBXProject section */

/* Begin PBXReferenceProxy section */
		301BF535109A57CC0062928A /* libCordova.a */ = {
			isa = PBXReferenceProxy;
			fileType = archive.ar;
			path = libCordova.a;
			remoteRef = 301BF534109A57CC0062928A /* PBXContainerItemProxy */;
			sourceTree = BUILT_PRODUCTS_DIR;
		};
/* End PBXReferenceProxy section */

/* Begin PBXResourcesBuildPhase section */
		1D60588D0D05DD3D006BFB54 /* Resources */ = {
			isa = PBXResourcesBuildPhase;
			buildActionMask = 2147483647;
			files = (
				302D95F214D2391D003F00A1 /* MainViewController.xib in Resources */,
				3047A5131AB8059700498E2A /* build-release.xcconfig in Resources */,
				3047A5141AB8059700498E2A /* build.xcconfig in Resources */,
				0207DA581B56EA530066E2B4 /* Images.xcassets in Resources */,
				3047A5121AB8059700498E2A /* build-debug.xcconfig in Resources */,
				806D82F83514464BA254E366 /* abduction.mp3 in Resources */,
				9F2EF3237B9A46C3BF68F666 /* ache.mp3 in Resources */,
				BAC08BB768434E049BB4E8AA /* a-ha-moment.mp3 in Resources */,
				C7E7FCA0BA5948A4BB22D9BD /* all-of-a-sudden.mp3 in Resources */,
				BA18402010FD4B4A9E3F0393 /* are-you-kidding.mp3 in Resources */,
				A99523074A874D0FABB54FA9 /* argh-my-eyes.mp3 in Resources */,
				9353FCC2ADA9408E899AED17 /* a-taste-of-the-whip.mp3 in Resources */,
				2E49B5C1B54D4278AF4E4DC3 /* attracted.mp3 in Resources */,
				0269E84B6B2F46BAA619810A /* awareness.mp3 in Resources */,
				F57D5006A9954EE9A63DF52B /* base.mp3 in Resources */,
				9AFA17E1B9BC449485E8F1E7 /* blocker.mp3 in Resources */,
				1FD0ADFE2D6D4E58999F6185 /* braking.mp3 in Resources */,
				BE41B0C3377E491581D30FD4 /* cable-unplugged.mp3 in Resources */,
				EDA4AA8742FE4353A8099A11 /* cause-and-effect.mp3 in Resources */,
				A246FF3EA3B3473D9060AA2C /* chafing.mp3 in Resources */,
				5150C6F482C14145B4AD6271 /* closed.mp3 in Resources */,
				F02BF97E5CDD49DB9A9FAAB0 /* code.mp3 in Resources */,
				D8455996E6574DEA95F5D975 /* coins.mp3 in Resources */,
				71CC793B94CF47B1B5B566DA /* come-to-daddy.mp3 in Resources */,
				19D7E18412EB447B81DB151E /* communication-channel.mp3 in Resources */,
				7BA56A6CFD2C472C81C51F09 /* credulous.mp3 in Resources */,
				A7D61985EC7440C9BBC9AC32 /* croak.mp3 in Resources */,
				2088B3F91DB246BCB207A335 /* cyberincident.mp3 in Resources */,
				D365990E0396495CABF8F983 /* decay.mp3 in Resources */,
				2782D94C91674A6FBDAE9D72 /* does-not-behave.mp3 in Resources */,
				76FC9CD2E7834A83A6FC8F69 /* dropped-spinner.mp3 in Resources */,
				422BC5FBFBEA4C98A3B820F0 /* electronic.mp3 in Resources */,
				6834C41872D04492ADFE5967 /* end-point-reached.mp3 in Resources */,
				32C8DFAD88DE4CA78617CBAD /* error-3.mp3 in Resources */,
				64544AB5F348440BA39152AA /* et-voila.mp3 in Resources */,
				46A95822CBF9496E9602DEAE /* fallbackring.ogg in Resources */,
				A48E7A6B09B347E49F6B3685 /* fallin.mp3 in Resources */,
				F99974B3036643158C90CA76 /* fast-turnaround.mp3 in Resources */,
				F0B615A1F26E48EEBA7357EE /* finger-push.mp3 in Resources */,
				B0F90B20FCC44561A1E58BB2 /* genuinely-interested.mp3 in Resources */,
				019DD900C11242998A66B86E /* gets-in-the-way.mp3 in Resources */,
				486A5F09CAAA499DBD75ABF3 /* good-morning.mp3 in Resources */,
				63CDEAEA43B24F69B9CCAB62 /* gummy-sweep.mp3 in Resources */,
				7E82BA9111A1430484243542 /* happy-ending.mp3 in Resources */,
				26007216EA9D4414A72DF69C /* hey-im-here-too.mp3 in Resources */,
				3BDB39B43AC04FE698765092 /* hiccup.mp3 in Resources */,
				36C4884D029C4F138EEFDE0F /* inquisitiveness.mp3 in Resources */,
				BF69A7FE435643C7836F38D4 /* in-your-plate.mp3 in Resources */,
				35FD772F4C88491EAF43D186 /* i-saw-you.mp3 in Resources */,
				FF64B3BF99F24F0483A3B9D3 /* job-done.mp3 in Resources */,
				4832A1BD618B4DCABC1DEEF2 /* jubilation.mp3 in Resources */,
				77054627E56C438ABEBB812F /* just-like-magic.mp3 in Resources */,
				3F1505FC8B924A128969B54C /* just-like-that.mp3 in Resources */,
				C8954550780E4E6199C246C7 /* knob.mp3 in Resources */,
				A669ED1693234FC88794A407 /* long-chime-sound.mp3 in Resources */,
				B8DE36BE1500413AB5F7BD2D /* machine-poo.mp3 in Resources */,
				7C85D6A3F20442EF809BDD27 /* may-i-have-your-attention.mp3 in Resources */,
				37FFDCAB0487422E8899F156 /* me.mp3 in Resources */,
				B66D232A251D475D9F32F48C /* munchausen.mp3 in Resources */,
				485CB25288E1498C957AE246 /* net.mp3 in Resources */,
				175BF40BBA144F36BB692424 /* no-trespassing.mp3 in Resources */,
				C06DD6E1EA174C4398EE15DB /* no-way.mp3 in Resources */,
				0AC2C8AF60EA46C88F15E9A4 /* oh-really.mp3 in Resources */,
				E0F3DB00D2344D07BE076F62 /* on-serious-matters.mp3 in Resources */,
				5568DB2C2716432FB02F7817 /* oringz-pack-nine-15.mp3 in Resources */,
				0AD07AC0D7AD4189B2E02668 /* pedantic.mp3 in Resources */,
				8B6D60787F674ED2B5CE455D /* pizzicato.mp3 in Resources */,
				E13A8ED4123B48FDA8810A6E /* pluck.mp3 in Resources */,
				5DAAE09521264525A68AE1EC /* professionals.mp3 in Resources */,
				40DD48E8D12E46D8A0789B06 /* pull-back.mp3 in Resources */,
				B525BC19FE84465BA3D89FBD /* put-down.mp3 in Resources */,
				AE04B59BFCCB4C6BAF9B6F23 /* question-raised.mp3 in Resources */,
				FE9D05A40A8C406D84D6DC75 /* scissors.mp3 in Resources */,
				D204B1BAF8B345519B9BCAA8 /* see-im-smart.mp3 in Resources */,
				2398A943FD0F474891347D54 /* served.mp3 in Resources */,
				98D96918A71E40588449C988 /* shut-your-mouth.mp3 in Resources */,
				CE80DDD1B8AD4D04BC68EF80 /* slap.mp3 in Resources */,
				D334E8C93CDB424C8A9F2955 /* solemn.mp3 in Resources */,
				B55D7AE9797840BBB12FA147 /* strongly-attached.mp3 in Resources */,
				E2C40E2FF82F4971AAF58DCC /* surprise-on-a-spring.mp3 in Resources */,
				D8D737F4CC4340279964F2F6 /* swift.mp3 in Resources */,
				4EF9D55ADF1A404A9F03C1C8 /* thats-a-no.mp3 in Resources */,
				584B8708DC064ECDB4207A4C /* thats-nasty.mp3 in Resources */,
				0537CAD156654394A9379A89 /* the-squeaky-wheel-gets-the-grease.mp3 in Resources */,
				73D4494FC1F8451EBEA0658F /* trained.mp3 in Resources */,
				68762414CD0A48B083B0E1E5 /* what.mp3 in Resources */,
				45760F9123E34CE2871D0EDC /* whatever.mp3 in Resources */,
				F0B1DD8D4D8E4A77BA641E3D /* will-you.mp3 in Resources */,
				A6B33B0502BE47FEB2198504 /* worthwhile.mp3 in Resources */,
				E2501CE082264D03A3072D4A /* yep.mp3 in Resources */,
				0BD63B8E092645DF8C37CA1E /* you-know.mp3 in Resources */,
				2D7E1B8E4CC040A19C411DDE /* your-turn.mp3 in Resources */,
				803BA83C16E24667A61D1F33 /* you-wouldnt-believe.mp3 in Resources */,
			);
			runOnlyForDeploymentPostprocessing = 0;
		};
/* End PBXResourcesBuildPhase section */

/* Begin PBXShellScriptBuildPhase section */
		304B58A110DAC018002A0835 /* Copy www directory */ = {
			isa = PBXShellScriptBuildPhase;
			buildActionMask = 2147483647;
			files = (
			);
			inputPaths = (
			);
			name = "Copy www directory";
			outputPaths = (
			);
			runOnlyForDeploymentPostprocessing = 0;
			shellPath = /bin/sh;
			shellScript = "NODEJS_PATH=/usr/local/bin; NVM_NODE_PATH=~/.nvm/versions/node/`nvm version 2>/dev/null`/bin; N_NODE_PATH=`find /usr/local/n/versions/node/* -maxdepth 0 -type d 2>/dev/null | tail -1`/bin; XCODE_NODE_PATH=`xcode-select --print-path`/usr/share/xcs/Node/bin; PATH=$NODEJS_PATH:$NVM_NODE_PATH:$N_NODE_PATH:$XCODE_NODE_PATH:$PATH && node cordova/lib/copy-www-build-step.js";
			showEnvVarsInLog = 0;
		};
/* End PBXShellScriptBuildPhase section */

/* Begin PBXSourcesBuildPhase section */
		1D60588E0D05DD3D006BFB54 /* Sources */ = {
			isa = PBXSourcesBuildPhase;
			buildActionMask = 2147483647;
			files = (
				1D60589B0D05DD56006BFB54 /* main.m in Sources */,
				1D3623260D0F684500981E51 /* AppDelegate.m in Sources */,
				302D95F114D2391D003F00A1 /* MainViewController.m in Sources */,
				193F6DAECA634F45A1D61F52 /* AppDelegate+notification.m in Sources */,
				35CF7123F23B4175B0AE6192 /* PushPlugin.m in Sources */,
				C13CBE4F7DB642FA90468B0E /* Calendar.m in Sources */,
				C382873DC7804DF9852401DE /* Flashlight.m in Sources */,
				CE25D04E42A048B58D0CF96D /* CDVLocation.m in Sources */,
				5DAB742F227F43C5956499AF /* SpinnerPlugin.m in Sources */,
				52E4181DC0F745CEA40ECC69 /* MBProgressHUD.m in Sources */,
				F7BB84D29BDD43B5971944D4 /* CDVVibration.m in Sources */,
			);
			runOnlyForDeploymentPostprocessing = 0;
		};
/* End PBXSourcesBuildPhase section */

/* Begin PBXTargetDependency section */
		301BF551109A68C00062928A /* PBXTargetDependency */ = {
			isa = PBXTargetDependency;
			name = CordovaLib;
			targetProxy = 301BF550109A68C00062928A /* PBXContainerItemProxy */;
		};
/* End PBXTargetDependency section */

/* Begin XCBuildConfiguration section */
		1D6058940D05DD3E006BFB54 /* Debug */ = {
			isa = XCBuildConfiguration;
			baseConfigurationReference = 3047A50F1AB8059700498E2A /* build-debug.xcconfig */;
			buildSettings = {
				ALWAYS_SEARCH_USER_PATHS = NO;
				ASSETCATALOG_COMPILER_APPICON_NAME = AppIcon;
				ASSETCATALOG_COMPILER_LAUNCHIMAGE_NAME = LaunchImage;
				CLANG_ENABLE_MODULES = YES;
				CLANG_ENABLE_OBJC_ARC = YES;
				CODE_SIGN_IDENTITY = "iPhone Developer";
				COPY_PHASE_STRIP = NO;
				GCC_DYNAMIC_NO_PIC = NO;
				GCC_OPTIMIZATION_LEVEL = 0;
				GCC_PRECOMPILE_PREFIX_HEADER = YES;
				GCC_PREFIX_HEADER = "Timeweb Monitor/Timeweb Monitor-Prefix.pch";
				GCC_THUMB_SUPPORT = NO;
				GCC_VERSION = "";
				INFOPLIST_FILE = "Timeweb Monitor/Timeweb Monitor-Info.plist";
				LD_RUNPATH_SEARCH_PATHS = "@executable_path/Frameworks";
				PRODUCT_NAME = "Timeweb Monitor";
				TARGETED_DEVICE_FAMILY = "1,2";
			};
			name = Debug;
		};
		1D6058950D05DD3E006BFB54 /* Release */ = {
			isa = XCBuildConfiguration;
			baseConfigurationReference = 3047A5101AB8059700498E2A /* build-release.xcconfig */;
			buildSettings = {
				ALWAYS_SEARCH_USER_PATHS = NO;
				ASSETCATALOG_COMPILER_APPICON_NAME = AppIcon;
				ASSETCATALOG_COMPILER_LAUNCHIMAGE_NAME = LaunchImage;
				CLANG_ENABLE_MODULES = YES;
				CLANG_ENABLE_OBJC_ARC = YES;
				CODE_SIGN_IDENTITY = "iPhone Developer";
				COPY_PHASE_STRIP = YES;
				GCC_PRECOMPILE_PREFIX_HEADER = YES;
				GCC_PREFIX_HEADER = "Timeweb Monitor/Timeweb Monitor-Prefix.pch";
				GCC_THUMB_SUPPORT = NO;
				GCC_VERSION = "";
				INFOPLIST_FILE = "Timeweb Monitor/Timeweb Monitor-Info.plist";
				PRODUCT_NAME = "Timeweb Monitor";
				TARGETED_DEVICE_FAMILY = "1,2";
			};
			name = Release;
		};
		C01FCF4F08A954540054247B /* Debug */ = {
			isa = XCBuildConfiguration;
			baseConfigurationReference = 3047A5111AB8059700498E2A /* build.xcconfig */;
			buildSettings = {
				CLANG_ENABLE_MODULES = YES;
				CLANG_ENABLE_OBJC_ARC = YES;
				CLANG_WARN_BOOL_CONVERSION = YES;
				CLANG_WARN_CONSTANT_CONVERSION = YES;
				CLANG_WARN_EMPTY_BODY = YES;
				CLANG_WARN_ENUM_CONVERSION = YES;
				CLANG_WARN_INT_CONVERSION = YES;
				CLANG_WARN__DUPLICATE_METHOD_MATCH = YES;
				GCC_C_LANGUAGE_STANDARD = c99;
				GCC_THUMB_SUPPORT = NO;
				GCC_VERSION = "";
				GCC_WARN_ABOUT_RETURN_TYPE = YES;
				GCC_WARN_UNDECLARED_SELECTOR = YES;
				GCC_WARN_UNINITIALIZED_AUTOS = YES;
				GCC_WARN_UNUSED_FUNCTION = YES;
				GCC_WARN_UNUSED_VARIABLE = YES;
				ONLY_ACTIVE_ARCH = YES;
				SDKROOT = iphoneos;
				SKIP_INSTALL = NO;
				TARGETED_DEVICE_FAMILY = "1,2";
			};
			name = Debug;
		};
		C01FCF5008A954540054247B /* Release */ = {
			isa = XCBuildConfiguration;
			baseConfigurationReference = 3047A5111AB8059700498E2A /* build.xcconfig */;
			buildSettings = {
				CLANG_ENABLE_MODULES = YES;
				CLANG_ENABLE_OBJC_ARC = YES;
				CLANG_WARN_BOOL_CONVERSION = YES;
				CLANG_WARN_CONSTANT_CONVERSION = YES;
				CLANG_WARN_EMPTY_BODY = YES;
				CLANG_WARN_ENUM_CONVERSION = YES;
				CLANG_WARN_INT_CONVERSION = YES;
				CLANG_WARN__DUPLICATE_METHOD_MATCH = YES;
				GCC_C_LANGUAGE_STANDARD = c99;
				GCC_THUMB_SUPPORT = NO;
				GCC_VERSION = "";
				GCC_WARN_ABOUT_RETURN_TYPE = YES;
				GCC_WARN_UNDECLARED_SELECTOR = YES;
				GCC_WARN_UNINITIALIZED_AUTOS = YES;
				GCC_WARN_UNUSED_FUNCTION = YES;
				GCC_WARN_UNUSED_VARIABLE = YES;
				SDKROOT = iphoneos;
				SKIP_INSTALL = NO;
				TARGETED_DEVICE_FAMILY = "1,2";
			};
			name = Release;
		};
/* End XCBuildConfiguration section */

/* Begin XCConfigurationList section */
		1D6058960D05DD3E006BFB54 /* Build configuration list for PBXNativeTarget "Timeweb Monitor" */ = {
			isa = XCConfigurationList;
			buildConfigurations = (
				1D6058940D05DD3E006BFB54 /* Debug */,
				1D6058950D05DD3E006BFB54 /* Release */,
			);
			defaultConfigurationIsVisible = 0;
			defaultConfigurationName = Release;
		};
		C01FCF4E08A954540054247B /* Build configuration list for PBXProject "Timeweb Monitor" */ = {
			isa = XCConfigurationList;
			buildConfigurations = (
				C01FCF4F08A954540054247B /* Debug */,
				C01FCF5008A954540054247B /* Release */,
			);
			defaultConfigurationIsVisible = 0;
			defaultConfigurationName = Release;
		};
/* End XCConfigurationList section */
	};
	rootObject = 29B97313FDCFA39411CA2CEA /* Project object */;
}
